// !$*UTF8*$!
{
	archiveVersion = 1;
	classes = {
	};
	objectVersion = 50;
	objects = {

/* Begin PBXBuildFile section */
		6C30CA3823AA0CFB004F047E /* AppDelegate.swift in Sources */ = {isa = PBXBuildFile; fileRef = 6C30CA3723AA0CFB004F047E /* AppDelegate.swift */; };
		6C30CA3A23AA0CFB004F047E /* SceneDelegate.swift in Sources */ = {isa = PBXBuildFile; fileRef = 6C30CA3923AA0CFB004F047E /* SceneDelegate.swift */; };
		6C30CA3C23AA0CFB004F047E /* ContentView.swift in Sources */ = {isa = PBXBuildFile; fileRef = 6C30CA3B23AA0CFB004F047E /* ContentView.swift */; };
		6C30CA3E23AA0CFD004F047E /* Assets.xcassets in Resources */ = {isa = PBXBuildFile; fileRef = 6C30CA3D23AA0CFD004F047E /* Assets.xcassets */; };
		6C30CA4123AA0CFD004F047E /* Preview Assets.xcassets in Resources */ = {isa = PBXBuildFile; fileRef = 6C30CA4023AA0CFD004F047E /* Preview Assets.xcassets */; };
		6C30CA4423AA0CFD004F047E /* LaunchScreen.storyboard in Resources */ = {isa = PBXBuildFile; fileRef = 6C30CA4223AA0CFD004F047E /* LaunchScreen.storyboard */; };
		6C30CA4D23AB0B0E004F047E /* CircleImage.swift in Sources */ = {isa = PBXBuildFile; fileRef = 6C30CA4C23AB0B0E004F047E /* CircleImage.swift */; };
		6C30CA4F23AB1042004F047E /* MapView.swift in Sources */ = {isa = PBXBuildFile; fileRef = 6C30CA4E23AB1042004F047E /* MapView.swift */; };
/* End PBXBuildFile section */

/* Begin PBXFileReference section */
		6C30CA3423AA0CFB004F047E /* Landmarks.app */ = {isa = PBXFileReference; explicitFileType = wrapper.application; includeInIndex = 0; path = Landmarks.app; sourceTree = BUILT_PRODUCTS_DIR; };
		6C30CA3723AA0CFB004F047E /* AppDelegate.swift */ = {isa = PBXFileReference; lastKnownFileType = sourcecode.swift; path = AppDelegate.swift; sourceTree = "<group>"; };
		6C30CA3923AA0CFB004F047E /* SceneDelegate.swift */ = {isa = PBXFileReference; lastKnownFileType = sourcecode.swift; path = SceneDelegate.swift; sourceTree = "<group>"; };
		6C30CA3B23AA0CFB004F047E /* ContentView.swift */ = {isa = PBXFileReference; lastKnownFileType = sourcecode.swift; path = ContentView.swift; sourceTree = "<group>"; };
		6C30CA3D23AA0CFD004F047E /* Assets.xcassets */ = {isa = PBXFileReference; lastKnownFileType = folder.assetcatalog; path = Assets.xcassets; sourceTree = "<group>"; };
		6C30CA4023AA0CFD004F047E /* Preview Assets.xcassets */ = {isa = PBXFileReference; lastKnownFileType = folder.assetcatalog; path = "Preview Assets.xcassets"; sourceTree = "<group>"; };
		6C30CA4323AA0CFD004F047E /* Base */ = {isa = PBXFileReference; lastKnownFileType = file.storyboard; name = Base; path = Base.lproj/LaunchScreen.storyboard; sourceTree = "<group>"; };
		6C30CA4523AA0CFD004F047E /* Info.plist */ = {isa = PBXFileReference; lastKnownFileType = text.plist.xml; path = Info.plist; sourceTree = "<group>"; };
		6C30CA4C23AB0B0E004F047E /* CircleImage.swift */ = {isa = PBXFileReference; lastKnownFileType = sourcecode.swift; path = CircleImage.swift; sourceTree = "<group>"; };
		6C30CA4E23AB1042004F047E /* MapView.swift */ = {isa = PBXFileReference; lastKnownFileType = sourcecode.swift; path = MapView.swift; sourceTree = "<group>"; };
/* End PBXFileReference section */

/* Begin PBXFrameworksBuildPhase section */
		6C30CA3123AA0CFB004F047E /* Frameworks */ = {
			isa = PBXFrameworksBuildPhase;
			buildActionMask = 2147483647;
			files = (
			);
			runOnlyForDeploymentPostprocessing = 0;
		};
/* End PBXFrameworksBuildPhase section */

/* Begin PBXGroup section */
		6C30CA2B23AA0CFA004F047E = {
			isa = PBXGroup;
			children = (
				6C30CA3623AA0CFB004F047E /* Landmarks */,
				6C30CA3523AA0CFB004F047E /* Products */,
			);
			sourceTree = "<group>";
		};
		6C30CA3523AA0CFB004F047E /* Products */ = {
			isa = PBXGroup;
			children = (
				6C30CA3423AA0CFB004F047E /* Landmarks.app */,
			);
			name = Products;
			sourceTree = "<group>";
		};
		6C30CA3623AA0CFB004F047E /* Landmarks */ = {
			isa = PBXGroup;
			children = (
				6C30CA3723AA0CFB004F047E /* AppDelegate.swift */,
				6C30CA3923AA0CFB004F047E /* SceneDelegate.swift */,
				6C30CA3B23AA0CFB004F047E /* ContentView.swift */,
				6C30CA3D23AA0CFD004F047E /* Assets.xcassets */,
				6C30CA4223AA0CFD004F047E /* LaunchScreen.storyboard */,
				6C30CA4523AA0CFD004F047E /* Info.plist */,
				6C30CA4B23AB0AEC004F047E /* Supporting Views */,
				6C30CA3F23AA0CFD004F047E /* Preview Content */,
			);
			path = Landmarks;
			sourceTree = "<group>";
		};
		6C30CA3F23AA0CFD004F047E /* Preview Content */ = {
			isa = PBXGroup;
			children = (
				6C30CA4023AA0CFD004F047E /* Preview Assets.xcassets */,
			);
			path = "Preview Content";
			sourceTree = "<group>";
		};
		6C30CA4B23AB0AEC004F047E /* Supporting Views */ = {
			isa = PBXGroup;
			children = (
				6C30CA4C23AB0B0E004F047E /* CircleImage.swift */,
				6C30CA4E23AB1042004F047E /* MapView.swift */,
			);
			path = "Supporting Views";
			sourceTree = "<group>";
		};
/* End PBXGroup section */

/* Begin PBXNativeTarget section */
		6C30CA3323AA0CFB004F047E /* Landmarks */ = {
			isa = PBXNativeTarget;
			buildConfigurationList = 6C30CA4823AA0CFD004F047E /* Build configuration list for PBXNativeTarget "Landmarks" */;
			buildPhases = (
				6C30CA3023AA0CFB004F047E /* Sources */,
				6C30CA3123AA0CFB004F047E /* Frameworks */,
				6C30CA3223AA0CFB004F047E /* Resources */,
			);
			buildRules = (
			);
			dependencies = (
			);
			name = Landmarks;
			productName = Landmarks;
			productReference = 6C30CA3423AA0CFB004F047E /* Landmarks.app */;
			productType = "com.apple.product-type.application";
		};
/* End PBXNativeTarget section */

/* Begin PBXProject section */
		6C30CA2C23AA0CFA004F047E /* Project object */ = {
			isa = PBXProject;
			attributes = {
				LastSwiftUpdateCheck = 1130;
				LastUpgradeCheck = 1130;
				ORGANIZATIONNAME = "李懿哲";
				TargetAttributes = {
					6C30CA3323AA0CFB004F047E = {
						CreatedOnToolsVersion = 11.3;
					};
				};
			};
			buildConfigurationList = 6C30CA2F23AA0CFA004F047E /* Build configuration list for PBXProject "Landmarks" */;
			compatibilityVersion = "Xcode 9.3";
			developmentRegion = en;
			hasScannedForEncodings = 0;
			knownRegions = (
				en,
				Base,
			);
			mainGroup = 6C30CA2B23AA0CFA004F047E;
			productRefGroup = 6C30CA3523AA0CFB004F047E /* Products */;
			projectDirPath = "";
			projectRoot = "";
			targets = (
				6C30CA3323AA0CFB004F047E /* Landmarks */,
			);
		};
/* End PBXProject section */

/* Begin PBXResourcesBuildPhase section */
		6C30CA3223AA0CFB004F047E /* Resources */ = {
			isa = PBXResourcesBuildPhase;
			buildActionMask = 2147483647;
			files = (
				6C30CA4423AA0CFD004F047E /* LaunchScreen.storyboard in Resources */,
				6C30CA4123AA0CFD004F047E /* Preview Assets.xcassets in Resources */,
				6C30CA3E23AA0CFD004F047E /* Assets.xcassets in Resources */,
			);
			runOnlyForDeploymentPostprocessing = 0;
		};
/* End PBXResourcesBuildPhase section */

/* Begin PBXSourcesBuildPhase section */
		6C30CA3023AA0CFB004F047E /* Sources */ = {
			isa = PBXSourcesBuildPhase;
			buildActionMask = 2147483647;
			files = (
				6C30CA3823AA0CFB004F047E /* AppDelegate.swift in Sources */,
				6C30CA4D23AB0B0E004F047E /* CircleImage.swift in Sources */,
				6C30CA4F23AB1042004F047E /* MapView.swift in Sources */,
				6C30CA3A23AA0CFB004F047E /* SceneDelegate.swift in Sources */,
				6C30CA3C23AA0CFB004F047E /* ContentView.swift in Sources */,
			);
			runOnlyForDeploymentPostprocessing = 0;
		};
/* End PBXSourcesBuildPhase section */

/* Begin PBXVariantGroup section */
		6C30CA4223AA0CFD004F047E /* LaunchScreen.storyboard */ = {
			isa = PBXVariantGroup;
			children = (
				6C30CA4323AA0CFD004F047E /* Base */,
			);
			name = LaunchScreen.storyboard;
			sourceTree = "<group>";
		};
/* End PBXVariantGroup section */

/* Begin XCBuildConfiguration section */
		6C30CA4623AA0CFD004F047E /* Debug */ = {
			isa = XCBuildConfiguration;
			buildSettings = {
				ALWAYS_SEARCH_USER_PATHS = NO;
				CLANG_ANALYZER_NONNULL = YES;
				CLANG_ANALYZER_NUMBER_OBJECT_CONVERSION = YES_AGGRESSIVE;
				CLANG_CXX_LANGUAGE_STANDARD = "gnu++14";
				CLANG_CXX_LIBRARY = "libc++";
				CLANG_ENABLE_MODULES = YES;
				CLANG_ENABLE_OBJC_ARC = YES;
				CLANG_ENABLE_OBJC_WEAK = YES;
				CLANG_WARN_BLOCK_CAPTURE_AUTORELEASING = YES;
				CLANG_WARN_BOOL_CONVERSION = YES;
				CLANG_WARN_COMMA = YES;
				CLANG_WARN_CONSTANT_CONVERSION = YES;
				CLANG_WARN_DEPRECATED_OBJC_IMPLEMENTATIONS = YES;
				CLANG_WARN_DIRECT_OBJC_ISA_USAGE = YES_ERROR;
				CLANG_WARN_DOCUMENTATION_COMMENTS = YES;
				CLANG_WARN_EMPTY_BODY = YES;
				CLANG_WARN_ENUM_CONVERSION = YES;
				CLANG_WARN_INFINITE_RECURSION = YES;
				CLANG_WARN_INT_CONVERSION = YES;
				CLANG_WARN_NON_LITERAL_NULL_CONVERSION = YES;
				CLANG_WARN_OBJC_IMPLICIT_RETAIN_SELF = YES;
				CLANG_WARN_OBJC_LITERAL_CONVERSION = YES;
				CLANG_WARN_OBJC_ROOT_CLASS = YES_ERROR;
				CLANG_WARN_RANGE_LOOP_ANALYSIS = YES;
				CLANG_WARN_STRICT_PROTOTYPES = YES;
				CLANG_WARN_SUSPICIOUS_MOVE = YES;
				CLANG_WARN_UNGUARDED_AVAILABILITY = YES_AGGRESSIVE;
				CLANG_WARN_UNREACHABLE_CODE = YES;
				CLANG_WARN__DUPLICATE_METHOD_MATCH = YES;
				COPY_PHASE_STRIP = NO;
				DEBUG_INFORMATION_FORMAT = dwarf;
				ENABLE_STRICT_OBJC_MSGSEND = YES;
				ENABLE_TESTABILITY = YES;
				GCC_C_LANGUAGE_STANDARD = gnu11;
				GCC_DYNAMIC_NO_PIC = NO;
				GCC_NO_COMMON_BLOCKS = YES;
				GCC_OPTIMIZATION_LEVEL = 0;
				GCC_PREPROCESSOR_DEFINITIONS = (
					"DEBUG=1",
					"$(inherited)",
				);
				GCC_WARN_64_TO_32_BIT_CONVERSION = YES;
				GCC_WARN_ABOUT_RETURN_TYPE = YES_ERROR;
				GCC_WARN_UNDECLARED_SELECTOR = YES;
				GCC_WARN_UNINITIALIZED_AUTOS = YES_AGGRESSIVE;
				GCC_WARN_UNUSED_FUNCTION = YES;
				GCC_WARN_UNUSED_VARIABLE = YES;
				IPHONEOS_DEPLOYMENT_TARGET = 13.2;
				MTL_ENABLE_DEBUG_INFO = INCLUDE_SOURCE;
				MTL_FAST_MATH = YES;
				ONLY_ACTIVE_ARCH = YES;
				SDKROOT = iphoneos;
				SWIFT_ACTIVE_COMPILATION_CONDITIONS = DEBUG;
				SWIFT_OPTIMIZATION_LEVEL = "-Onone";
			};
			name = Debug;
		};
		6C30CA4723AA0CFD004F047E /* Release */ = {
			isa = XCBuildConfiguration;
			buildSettings = {
				ALWAYS_SEARCH_USER_PATHS = NO;
				CLANG_ANALYZER_NONNULL = YES;
				CLANG_ANALYZER_NUMBER_OBJECT_CONVERSION = YES_AGGRESSIVE;
				CLANG_CXX_LANGUAGE_STANDARD = "gnu++14";
				CLANG_CXX_LIBRARY = "libc++";
				CLANG_ENABLE_MODULES = YES;
				CLANG_ENABLE_OBJC_ARC = YES;
				CLANG_ENABLE_OBJC_WEAK = YES;
				CLANG_WARN_BLOCK_CAPTURE_AUTORELEASING = YES;
				CLANG_WARN_BOOL_CONVERSION = YES;
				CLANG_WARN_COMMA = YES;
				CLANG_WARN_CONSTANT_CONVERSION = YES;
				CLANG_WARN_DEPRECATED_OBJC_IMPLEMENTATIONS = YES;
				CLANG_WARN_DIRECT_OBJC_ISA_USAGE = YES_ERROR;
				CLANG_WARN_DOCUMENTATION_COMMENTS = YES;
				CLANG_WARN_EMPTY_BODY = YES;
				CLANG_WARN_ENUM_CONVERSION = YES;
				CLANG_WARN_INFINITE_RECURSION = YES;
				CLANG_WARN_INT_CONVERSION = YES;
				CLANG_WARN_NON_LITERAL_NULL_CONVERSION = YES;
				CLANG_WARN_OBJC_IMPLICIT_RETAIN_SELF = YES;
				CLANG_WARN_OBJC_LITERAL_CONVERSION = YES;
				CLANG_WARN_OBJC_ROOT_CLASS = YES_ERROR;
				CLANG_WARN_RANGE_LOOP_ANALYSIS = YES;
				CLANG_WARN_STRICT_PROTOTYPES = YES;
				CLANG_WARN_SUSPICIOUS_MOVE = YES;
				CLANG_WARN_UNGUARDED_AVAILABILITY = YES_AGGRESSIVE;
				CLANG_WARN_UNREACHABLE_CODE = YES;
				CLANG_WARN__DUPLICATE_METHOD_MATCH = YES;
				COPY_PHASE_STRIP = NO;
				DEBUG_INFORMATION_FORMAT = "dwarf-with-dsym";
				ENABLE_NS_ASSERTIONS = NO;
				ENABLE_STRICT_OBJC_MSGSEND = YES;
				GCC_C_LANGUAGE_STANDARD = gnu11;
				GCC_NO_COMMON_BLOCKS = YES;
				GCC_WARN_64_TO_32_BIT_CONVERSION = YES;
				GCC_WARN_ABOUT_RETURN_TYPE = YES_ERROR;
				GCC_WARN_UNDECLARED_SELECTOR = YES;
				GCC_WARN_UNINITIALIZED_AUTOS = YES_AGGRESSIVE;
				GCC_WARN_UNUSED_FUNCTION = YES;
				GCC_WARN_UNUSED_VARIABLE = YES;
				IPHONEOS_DEPLOYMENT_TARGET = 13.2;
				MTL_ENABLE_DEBUG_INFO = NO;
				MTL_FAST_MATH = YES;
				SDKROOT = iphoneos;
				SWIFT_COMPILATION_MODE = wholemodule;
				SWIFT_OPTIMIZATION_LEVEL = "-O";
				VALIDATE_PRODUCT = YES;
			};
			name = Release;
		};
		6C30CA4923AA0CFD004F047E /* Debug */ = {
			isa = XCBuildConfiguration;
			buildSettings = {
				ASSETCATALOG_COMPILER_APPICON_NAME = AppIcon;
				CODE_SIGN_STYLE = Automatic;
				DEVELOPMENT_ASSET_PATHS = "\"Landmarks/Preview Content\"";
				DEVELOPMENT_TEAM = 2DN2BYVY4Q;
				ENABLE_PREVIEWS = YES;
				INFOPLIST_FILE = Landmarks/Info.plist;
				LD_RUNPATH_SEARCH_PATHS = (
					"$(inherited)",
					"@executable_path/Frameworks",
				);
				PRODUCT_BUNDLE_IDENTIFIER = zanyzephyr.club.Landmarks;
				PRODUCT_NAME = "$(TARGET_NAME)";
				SWIFT_VERSION = 5.0;
				TARGETED_DEVICE_FAMILY = "1,2";
			};
			name = Debug;
		};
		6C30CA4A23AA0CFD004F047E /* Release */ = {
			isa = XCBuildConfiguration;
			buildSettings = {
				ASSETCATALOG_COMPILER_APPICON_NAME = AppIcon;
				CODE_SIGN_STYLE = Automatic;
				DEVELOPMENT_ASSET_PATHS = "\"Landmarks/Preview Content\"";
				DEVELOPMENT_TEAM = 2DN2BYVY4Q;
				ENABLE_PREVIEWS = YES;
				INFOPLIST_FILE = Landmarks/Info.plist;
				LD_RUNPATH_SEARCH_PATHS = (
					"$(inherited)",
					"@executable_path/Frameworks",
				);
				PRODUCT_BUNDLE_IDENTIFIER = zanyzephyr.club.Landmarks;
				PRODUCT_NAME = "$(TARGET_NAME)";
				SWIFT_VERSION = 5.0;
				TARGETED_DEVICE_FAMILY = "1,2";
			};
			name = Release;
		};
/* End XCBuildConfiguration section */

/* Begin XCConfigurationList section */
		6C30CA2F23AA0CFA004F047E /* Build configuration list for PBXProject "Landmarks" */ = {
			isa = XCConfigurationList;
			buildConfigurations = (
				6C30CA4623AA0CFD004F047E /* Debug */,
				6C30CA4723AA0CFD004F047E /* Release */,
			);
			defaultConfigurationIsVisible = 0;
			defaultConfigurationName = Release;
		};
		6C30CA4823AA0CFD004F047E /* Build configuration list for PBXNativeTarget "Landmarks" */ = {
			isa = XCConfigurationList;
			buildConfigurations = (
				6C30CA4923AA0CFD004F047E /* Debug */,
				6C30CA4A23AA0CFD004F047E /* Release */,
			);
			defaultConfigurationIsVisible = 0;
			defaultConfigurationName = Release;
		};
/* End XCConfigurationList section */
	};
	rootObject = 6C30CA2C23AA0CFA004F047E /* Project object */;
}
