// !$*UTF8*$!
{
	archiveVersion = 1;
	classes = {
	};
	objectVersion = 50;
	objects = {

/* Begin PBXBuildFile section */
		6C4E5A3423A244D100301E15 /* AppDelegate.swift in Sources */ = {isa = PBXBuildFile; fileRef = 6C4E5A3323A244D100301E15 /* AppDelegate.swift */; };
		6C4E5A3623A244D100301E15 /* SceneDelegate.swift in Sources */ = {isa = PBXBuildFile; fileRef = 6C4E5A3523A244D100301E15 /* SceneDelegate.swift */; };
		6C4E5A3823A244D100301E15 /* ContentView.swift in Sources */ = {isa = PBXBuildFile; fileRef = 6C4E5A3723A244D100301E15 /* ContentView.swift */; };
		6C4E5A3A23A244D400301E15 /* Assets.xcassets in Resources */ = {isa = PBXBuildFile; fileRef = 6C4E5A3923A244D400301E15 /* Assets.xcassets */; };
		6C4E5A3D23A244D400301E15 /* Preview Assets.xcassets in Resources */ = {isa = PBXBuildFile; fileRef = 6C4E5A3C23A244D400301E15 /* Preview Assets.xcassets */; };
		6C4E5A4023A244D400301E15 /* LaunchScreen.storyboard in Resources */ = {isa = PBXBuildFile; fileRef = 6C4E5A3E23A244D400301E15 /* LaunchScreen.storyboard */; };
		6C4E5A4823A245BA00301E15 /* Helper.swift in Sources */ = {isa = PBXBuildFile; fileRef = 6C4E5A4723A245BA00301E15 /* Helper.swift */; };
		6C4E5A4B23A245DF00301E15 /* Menu.swift in Sources */ = {isa = PBXBuildFile; fileRef = 6C4E5A4923A245DF00301E15 /* Menu.swift */; };
		6C4E5A4C23A245DF00301E15 /* Order.swift in Sources */ = {isa = PBXBuildFile; fileRef = 6C4E5A4A23A245DF00301E15 /* Order.swift */; };
		6C4E5A4E23A246D200301E15 /* menu.json in Resources */ = {isa = PBXBuildFile; fileRef = 6C4E5A4D23A246D200301E15 /* menu.json */; };
		6CF73E7923A716D400AA5FBB /* TextView.swift in Sources */ = {isa = PBXBuildFile; fileRef = 6CF73E7823A716D400AA5FBB /* TextView.swift */; };
/* End PBXBuildFile section */

/* Begin PBXFileReference section */
		6C4E5A3023A244D100301E15 /* iDine.app */ = {isa = PBXFileReference; explicitFileType = wrapper.application; includeInIndex = 0; path = iDine.app; sourceTree = BUILT_PRODUCTS_DIR; };
		6C4E5A3323A244D100301E15 /* AppDelegate.swift */ = {isa = PBXFileReference; lastKnownFileType = sourcecode.swift; path = AppDelegate.swift; sourceTree = "<group>"; };
		6C4E5A3523A244D100301E15 /* SceneDelegate.swift */ = {isa = PBXFileReference; lastKnownFileType = sourcecode.swift; path = SceneDelegate.swift; sourceTree = "<group>"; };
		6C4E5A3723A244D100301E15 /* ContentView.swift */ = {isa = PBXFileReference; lastKnownFileType = sourcecode.swift; path = ContentView.swift; sourceTree = "<group>"; };
		6C4E5A3923A244D400301E15 /* Assets.xcassets */ = {isa = PBXFileReference; lastKnownFileType = folder.assetcatalog; path = Assets.xcassets; sourceTree = "<group>"; };
		6C4E5A3C23A244D400301E15 /* Preview Assets.xcassets */ = {isa = PBXFileReference; lastKnownFileType = folder.assetcatalog; path = "Preview Assets.xcassets"; sourceTree = "<group>"; };
		6C4E5A3F23A244D400301E15 /* Base */ = {isa = PBXFileReference; lastKnownFileType = file.storyboard; name = Base; path = Base.lproj/LaunchScreen.storyboard; sourceTree = "<group>"; };
		6C4E5A4123A244D400301E15 /* Info.plist */ = {isa = PBXFileReference; lastKnownFileType = text.plist.xml; path = Info.plist; sourceTree = "<group>"; };
		6C4E5A4723A245BA00301E15 /* Helper.swift */ = {isa = PBXFileReference; fileEncoding = 4; lastKnownFileType = sourcecode.swift; path = Helper.swift; sourceTree = "<group>"; };
		6C4E5A4923A245DF00301E15 /* Menu.swift */ = {isa = PBXFileReference; fileEncoding = 4; lastKnownFileType = sourcecode.swift; path = Menu.swift; sourceTree = "<group>"; };
		6C4E5A4A23A245DF00301E15 /* Order.swift */ = {isa = PBXFileReference; fileEncoding = 4; lastKnownFileType = sourcecode.swift; path = Order.swift; sourceTree = "<group>"; };
		6C4E5A4D23A246D200301E15 /* menu.json */ = {isa = PBXFileReference; fileEncoding = 4; lastKnownFileType = text.json; path = menu.json; sourceTree = "<group>"; };
		6CF73E7823A716D400AA5FBB /* TextView.swift */ = {isa = PBXFileReference; lastKnownFileType = sourcecode.swift; path = TextView.swift; sourceTree = "<group>"; };
/* End PBXFileReference section */

/* Begin PBXFrameworksBuildPhase section */
		6C4E5A2D23A244D100301E15 /* Frameworks */ = {
			isa = PBXFrameworksBuildPhase;
			buildActionMask = 2147483647;
			files = (
			);
			runOnlyForDeploymentPostprocessing = 0;
		};
/* End PBXFrameworksBuildPhase section */

/* Begin PBXGroup section */
		6C4E5A2723A244D100301E15 = {
			isa = PBXGroup;
			children = (
				6C4E5A3223A244D100301E15 /* iDine */,
				6C4E5A3123A244D100301E15 /* Products */,
			);
			sourceTree = "<group>";
		};
		6C4E5A3123A244D100301E15 /* Products */ = {
			isa = PBXGroup;
			children = (
				6C4E5A3023A244D100301E15 /* iDine.app */,
			);
			name = Products;
			sourceTree = "<group>";
		};
		6C4E5A3223A244D100301E15 /* iDine */ = {
			isa = PBXGroup;
			children = (
				6C4E5A3323A244D100301E15 /* AppDelegate.swift */,
				6C4E5A3523A244D100301E15 /* SceneDelegate.swift */,
				6C4E5A3723A244D100301E15 /* ContentView.swift */,
				6C4E5A4723A245BA00301E15 /* Helper.swift */,
				6C4E5A4923A245DF00301E15 /* Menu.swift */,
				6C4E5A4A23A245DF00301E15 /* Order.swift */,
				6C4E5A4D23A246D200301E15 /* menu.json */,
				6C4E5A3923A244D400301E15 /* Assets.xcassets */,
				6C4E5A3E23A244D400301E15 /* LaunchScreen.storyboard */,
				6C4E5A4123A244D400301E15 /* Info.plist */,
				6CF73E7823A716D400AA5FBB /* TextView.swift */,
				6C4E5A3B23A244D400301E15 /* Preview Content */,
			);
			path = iDine;
			sourceTree = "<group>";
		};
		6C4E5A3B23A244D400301E15 /* Preview Content */ = {
			isa = PBXGroup;
			children = (
				6C4E5A3C23A244D400301E15 /* Preview Assets.xcassets */,
			);
			path = "Preview Content";
			sourceTree = "<group>";
		};
/* End PBXGroup section */

/* Begin PBXNativeTarget section */
		6C4E5A2F23A244D100301E15 /* iDine */ = {
			isa = PBXNativeTarget;
			buildConfigurationList = 6C4E5A4423A244D400301E15 /* Build configuration list for PBXNativeTarget "iDine" */;
			buildPhases = (
				6C4E5A2C23A244D100301E15 /* Sources */,
				6C4E5A2D23A244D100301E15 /* Frameworks */,
				6C4E5A2E23A244D100301E15 /* Resources */,
			);
			buildRules = (
			);
			dependencies = (
			);
			name = iDine;
			productName = iDine;
			productReference = 6C4E5A3023A244D100301E15 /* iDine.app */;
			productType = "com.apple.product-type.application";
		};
/* End PBXNativeTarget section */

/* Begin PBXProject section */
		6C4E5A2823A244D100301E15 /* Project object */ = {
			isa = PBXProject;
			attributes = {
				LastSwiftUpdateCheck = 1130;
				LastUpgradeCheck = 1130;
				ORGANIZATIONNAME = "李懿哲";
				TargetAttributes = {
					6C4E5A2F23A244D100301E15 = {
						CreatedOnToolsVersion = 11.3;
					};
				};
			};
			buildConfigurationList = 6C4E5A2B23A244D100301E15 /* Build configuration list for PBXProject "iDine" */;
			compatibilityVersion = "Xcode 9.3";
			developmentRegion = en;
			hasScannedForEncodings = 0;
			knownRegions = (
				en,
				Base,
			);
			mainGroup = 6C4E5A2723A244D100301E15;
			productRefGroup = 6C4E5A3123A244D100301E15 /* Products */;
			projectDirPath = "";
			projectRoot = "";
			targets = (
				6C4E5A2F23A244D100301E15 /* iDine */,
			);
		};
/* End PBXProject section */

/* Begin PBXResourcesBuildPhase section */
		6C4E5A2E23A244D100301E15 /* Resources */ = {
			isa = PBXResourcesBuildPhase;
			buildActionMask = 2147483647;
			files = (
				6C4E5A4023A244D400301E15 /* LaunchScreen.storyboard in Resources */,
				6C4E5A3D23A244D400301E15 /* Preview Assets.xcassets in Resources */,
				6C4E5A4E23A246D200301E15 /* menu.json in Resources */,
				6C4E5A3A23A244D400301E15 /* Assets.xcassets in Resources */,
			);
			runOnlyForDeploymentPostprocessing = 0;
		};
/* End PBXResourcesBuildPhase section */

/* Begin PBXSourcesBuildPhase section */
		6C4E5A2C23A244D100301E15 /* Sources */ = {
			isa = PBXSourcesBuildPhase;
			buildActionMask = 2147483647;
			files = (
				6C4E5A4C23A245DF00301E15 /* Order.swift in Sources */,
				6C4E5A3423A244D100301E15 /* AppDelegate.swift in Sources */,
				6C4E5A3623A244D100301E15 /* SceneDelegate.swift in Sources */,
				6CF73E7923A716D400AA5FBB /* TextView.swift in Sources */,
				6C4E5A3823A244D100301E15 /* ContentView.swift in Sources */,
				6C4E5A4823A245BA00301E15 /* Helper.swift in Sources */,
				6C4E5A4B23A245DF00301E15 /* Menu.swift in Sources */,
			);
			runOnlyForDeploymentPostprocessing = 0;
		};
/* End PBXSourcesBuildPhase section */

/* Begin PBXVariantGroup section */
		6C4E5A3E23A244D400301E15 /* LaunchScreen.storyboard */ = {
			isa = PBXVariantGroup;
			children = (
				6C4E5A3F23A244D400301E15 /* Base */,
			);
			name = LaunchScreen.storyboard;
			sourceTree = "<group>";
		};
/* End PBXVariantGroup section */

/* Begin XCBuildConfiguration section */
		6C4E5A4223A244D400301E15 /* Debug */ = {
			isa = XCBuildConfiguration;
			buildSettings = {
				ALWAYS_SEARCH_USER_PATHS = NO;
				CLANG_ANALYZER_NONNULL = YES;
				CLANG_ANALYZER_NUMBER_OBJECT_CONVERSION = YES_AGGRESSIVE;
				CLANG_CXX_LANGUAGE_STANDARD = "gnu++14";
				CLANG_CXX_LIBRARY = "libc++";
				CLANG_ENABLE_MODULES = YES;
				CLANG_ENABLE_OBJC_ARC = YES;
				CLANG_ENABLE_OBJC_WEAK = YES;
				CLANG_WARN_BLOCK_CAPTURE_AUTORELEASING = YES;
				CLANG_WARN_BOOL_CONVERSION = YES;
				CLANG_WARN_COMMA = YES;
				CLANG_WARN_CONSTANT_CONVERSION = YES;
				CLANG_WARN_DEPRECATED_OBJC_IMPLEMENTATIONS = YES;
				CLANG_WARN_DIRECT_OBJC_ISA_USAGE = YES_ERROR;
				CLANG_WARN_DOCUMENTATION_COMMENTS = YES;
				CLANG_WARN_EMPTY_BODY = YES;
				CLANG_WARN_ENUM_CONVERSION = YES;
				CLANG_WARN_INFINITE_RECURSION = YES;
				CLANG_WARN_INT_CONVERSION = YES;
				CLANG_WARN_NON_LITERAL_NULL_CONVERSION = YES;
				CLANG_WARN_OBJC_IMPLICIT_RETAIN_SELF = YES;
				CLANG_WARN_OBJC_LITERAL_CONVERSION = YES;
				CLANG_WARN_OBJC_ROOT_CLASS = YES_ERROR;
				CLANG_WARN_RANGE_LOOP_ANALYSIS = YES;
				CLANG_WARN_STRICT_PROTOTYPES = YES;
				CLANG_WARN_SUSPICIOUS_MOVE = YES;
				CLANG_WARN_UNGUARDED_AVAILABILITY = YES_AGGRESSIVE;
				CLANG_WARN_UNREACHABLE_CODE = YES;
				CLANG_WARN__DUPLICATE_METHOD_MATCH = YES;
				COPY_PHASE_STRIP = NO;
				DEBUG_INFORMATION_FORMAT = dwarf;
				ENABLE_STRICT_OBJC_MSGSEND = YES;
				ENABLE_TESTABILITY = YES;
				GCC_C_LANGUAGE_STANDARD = gnu11;
				GCC_DYNAMIC_NO_PIC = NO;
				GCC_NO_COMMON_BLOCKS = YES;
				GCC_OPTIMIZATION_LEVEL = 0;
				GCC_PREPROCESSOR_DEFINITIONS = (
					"DEBUG=1",
					"$(inherited)",
				);
				GCC_WARN_64_TO_32_BIT_CONVERSION = YES;
				GCC_WARN_ABOUT_RETURN_TYPE = YES_ERROR;
				GCC_WARN_UNDECLARED_SELECTOR = YES;
				GCC_WARN_UNINITIALIZED_AUTOS = YES_AGGRESSIVE;
				GCC_WARN_UNUSED_FUNCTION = YES;
				GCC_WARN_UNUSED_VARIABLE = YES;
				IPHONEOS_DEPLOYMENT_TARGET = 13.2;
				MTL_ENABLE_DEBUG_INFO = INCLUDE_SOURCE;
				MTL_FAST_MATH = YES;
				ONLY_ACTIVE_ARCH = YES;
				SDKROOT = iphoneos;
				SWIFT_ACTIVE_COMPILATION_CONDITIONS = DEBUG;
				SWIFT_OPTIMIZATION_LEVEL = "-Onone";
			};
			name = Debug;
		};
		6C4E5A4323A244D400301E15 /* Release */ = {
			isa = XCBuildConfiguration;
			buildSettings = {
				ALWAYS_SEARCH_USER_PATHS = NO;
				CLANG_ANALYZER_NONNULL = YES;
				CLANG_ANALYZER_NUMBER_OBJECT_CONVERSION = YES_AGGRESSIVE;
				CLANG_CXX_LANGUAGE_STANDARD = "gnu++14";
				CLANG_CXX_LIBRARY = "libc++";
				CLANG_ENABLE_MODULES = YES;
				CLANG_ENABLE_OBJC_ARC = YES;
				CLANG_ENABLE_OBJC_WEAK = YES;
				CLANG_WARN_BLOCK_CAPTURE_AUTORELEASING = YES;
				CLANG_WARN_BOOL_CONVERSION = YES;
				CLANG_WARN_COMMA = YES;
				CLANG_WARN_CONSTANT_CONVERSION = YES;
				CLANG_WARN_DEPRECATED_OBJC_IMPLEMENTATIONS = YES;
				CLANG_WARN_DIRECT_OBJC_ISA_USAGE = YES_ERROR;
				CLANG_WARN_DOCUMENTATION_COMMENTS = YES;
				CLANG_WARN_EMPTY_BODY = YES;
				CLANG_WARN_ENUM_CONVERSION = YES;
				CLANG_WARN_INFINITE_RECURSION = YES;
				CLANG_WARN_INT_CONVERSION = YES;
				CLANG_WARN_NON_LITERAL_NULL_CONVERSION = YES;
				CLANG_WARN_OBJC_IMPLICIT_RETAIN_SELF = YES;
				CLANG_WARN_OBJC_LITERAL_CONVERSION = YES;
				CLANG_WARN_OBJC_ROOT_CLASS = YES_ERROR;
				CLANG_WARN_RANGE_LOOP_ANALYSIS = YES;
				CLANG_WARN_STRICT_PROTOTYPES = YES;
				CLANG_WARN_SUSPICIOUS_MOVE = YES;
				CLANG_WARN_UNGUARDED_AVAILABILITY = YES_AGGRESSIVE;
				CLANG_WARN_UNREACHABLE_CODE = YES;
				CLANG_WARN__DUPLICATE_METHOD_MATCH = YES;
				COPY_PHASE_STRIP = NO;
				DEBUG_INFORMATION_FORMAT = "dwarf-with-dsym";
				ENABLE_NS_ASSERTIONS = NO;
				ENABLE_STRICT_OBJC_MSGSEND = YES;
				GCC_C_LANGUAGE_STANDARD = gnu11;
				GCC_NO_COMMON_BLOCKS = YES;
				GCC_WARN_64_TO_32_BIT_CONVERSION = YES;
				GCC_WARN_ABOUT_RETURN_TYPE = YES_ERROR;
				GCC_WARN_UNDECLARED_SELECTOR = YES;
				GCC_WARN_UNINITIALIZED_AUTOS = YES_AGGRESSIVE;
				GCC_WARN_UNUSED_FUNCTION = YES;
				GCC_WARN_UNUSED_VARIABLE = YES;
				IPHONEOS_DEPLOYMENT_TARGET = 13.2;
				MTL_ENABLE_DEBUG_INFO = NO;
				MTL_FAST_MATH = YES;
				SDKROOT = iphoneos;
				SWIFT_COMPILATION_MODE = wholemodule;
				SWIFT_OPTIMIZATION_LEVEL = "-O";
				VALIDATE_PRODUCT = YES;
			};
			name = Release;
		};
		6C4E5A4523A244D400301E15 /* Debug */ = {
			isa = XCBuildConfiguration;
			buildSettings = {
				ASSETCATALOG_COMPILER_APPICON_NAME = AppIcon;
				CODE_SIGN_STYLE = Automatic;
				DEVELOPMENT_ASSET_PATHS = "\"iDine/Preview Content\"";
				DEVELOPMENT_TEAM = 2DN2BYVY4Q;
				ENABLE_PREVIEWS = YES;
				INFOPLIST_FILE = iDine/Info.plist;
				LD_RUNPATH_SEARCH_PATHS = (
					"$(inherited)",
					"@executable_path/Frameworks",
				);
				PRODUCT_BUNDLE_IDENTIFIER = zanyzephyr.club.iDine;
				PRODUCT_NAME = "$(TARGET_NAME)";
				SWIFT_VERSION = 5.0;
				TARGETED_DEVICE_FAMILY = "1,2";
			};
			name = Debug;
		};
		6C4E5A4623A244D400301E15 /* Release */ = {
			isa = XCBuildConfiguration;
			buildSettings = {
				ASSETCATALOG_COMPILER_APPICON_NAME = AppIcon;
				CODE_SIGN_STYLE = Automatic;
				DEVELOPMENT_ASSET_PATHS = "\"iDine/Preview Content\"";
				DEVELOPMENT_TEAM = 2DN2BYVY4Q;
				ENABLE_PREVIEWS = YES;
				INFOPLIST_FILE = iDine/Info.plist;
				LD_RUNPATH_SEARCH_PATHS = (
					"$(inherited)",
					"@executable_path/Frameworks",
				);
				PRODUCT_BUNDLE_IDENTIFIER = zanyzephyr.club.iDine;
				PRODUCT_NAME = "$(TARGET_NAME)";
				SWIFT_VERSION = 5.0;
				TARGETED_DEVICE_FAMILY = "1,2";
			};
			name = Release;
		};
/* End XCBuildConfiguration section */

/* Begin XCConfigurationList section */
		6C4E5A2B23A244D100301E15 /* Build configuration list for PBXProject "iDine" */ = {
			isa = XCConfigurationList;
			buildConfigurations = (
				6C4E5A4223A244D400301E15 /* Debug */,
				6C4E5A4323A244D400301E15 /* Release */,
			);
			defaultConfigurationIsVisible = 0;
			defaultConfigurationName = Release;
		};
		6C4E5A4423A244D400301E15 /* Build configuration list for PBXNativeTarget "iDine" */ = {
			isa = XCConfigurationList;
			buildConfigurations = (
				6C4E5A4523A244D400301E15 /* Debug */,
				6C4E5A4623A244D400301E15 /* Release */,
			);
			defaultConfigurationIsVisible = 0;
			defaultConfigurationName = Release;
		};
/* End XCConfigurationList section */
	};
	rootObject = 6C4E5A2823A244D100301E15 /* Project object */;
}
