// !$*UTF8*$!
{
	archiveVersion = 1;
	classes = {
	};
	objectVersion = 50;
	objects = {

/* Begin PBXBuildFile section */
		85869C66249D99EC000F77B8 /* AppDelegate.swift in Sources */ = {isa = PBXBuildFile; fileRef = 85869C65249D99EC000F77B8 /* AppDelegate.swift */; };
		85869C68249D99EC000F77B8 /* SceneDelegate.swift in Sources */ = {isa = PBXBuildFile; fileRef = 85869C67249D99EC000F77B8 /* SceneDelegate.swift */; };
		85869C6A249D99EC000F77B8 /* ViewController.swift in Sources */ = {isa = PBXBuildFile; fileRef = 85869C69249D99EC000F77B8 /* ViewController.swift */; };
		85869C6D249D99EC000F77B8 /* Main.storyboard in Resources */ = {isa = PBXBuildFile; fileRef = 85869C6B249D99EC000F77B8 /* Main.storyboard */; };
		85869C6F249D99ED000F77B8 /* Assets.xcassets in Resources */ = {isa = PBXBuildFile; fileRef = 85869C6E249D99ED000F77B8 /* Assets.xcassets */; };
		85869C72249D99ED000F77B8 /* LaunchScreen.storyboard in Resources */ = {isa = PBXBuildFile; fileRef = 85869C70249D99ED000F77B8 /* LaunchScreen.storyboard */; };
		85869C7B249D9A7D000F77B8 /* ViewController4Landscape.swift in Sources */ = {isa = PBXBuildFile; fileRef = 85869C79249D9A7D000F77B8 /* ViewController4Landscape.swift */; };
		85869C7C249D9A7D000F77B8 /* ViewController4Landscape.xib in Resources */ = {isa = PBXBuildFile; fileRef = 85869C7A249D9A7D000F77B8 /* ViewController4Landscape.xib */; };
/* End PBXBuildFile section */

/* Begin PBXFileReference section */
		85869C62249D99EC000F77B8 /* TestRotation.app */ = {isa = PBXFileReference; explicitFileType = wrapper.application; includeInIndex = 0; path = TestRotation.app; sourceTree = BUILT_PRODUCTS_DIR; };
		85869C65249D99EC000F77B8 /* AppDelegate.swift */ = {isa = PBXFileReference; lastKnownFileType = sourcecode.swift; path = AppDelegate.swift; sourceTree = "<group>"; };
		85869C67249D99EC000F77B8 /* SceneDelegate.swift */ = {isa = PBXFileReference; lastKnownFileType = sourcecode.swift; path = SceneDelegate.swift; sourceTree = "<group>"; };
		85869C69249D99EC000F77B8 /* ViewController.swift */ = {isa = PBXFileReference; lastKnownFileType = sourcecode.swift; path = ViewController.swift; sourceTree = "<group>"; };
		85869C6C249D99EC000F77B8 /* Base */ = {isa = PBXFileReference; lastKnownFileType = file.storyboard; name = Base; path = Base.lproj/Main.storyboard; sourceTree = "<group>"; };
		85869C6E249D99ED000F77B8 /* Assets.xcassets */ = {isa = PBXFileReference; lastKnownFileType = folder.assetcatalog; path = Assets.xcassets; sourceTree = "<group>"; };
		85869C71249D99ED000F77B8 /* Base */ = {isa = PBXFileReference; lastKnownFileType = file.storyboard; name = Base; path = Base.lproj/LaunchScreen.storyboard; sourceTree = "<group>"; };
		85869C73249D99ED000F77B8 /* Info.plist */ = {isa = PBXFileReference; lastKnownFileType = text.plist.xml; path = Info.plist; sourceTree = "<group>"; };
		85869C79249D9A7D000F77B8 /* ViewController4Landscape.swift */ = {isa = PBXFileReference; lastKnownFileType = sourcecode.swift; path = ViewController4Landscape.swift; sourceTree = "<group>"; };
		85869C7A249D9A7D000F77B8 /* ViewController4Landscape.xib */ = {isa = PBXFileReference; lastKnownFileType = file.xib; path = ViewController4Landscape.xib; sourceTree = "<group>"; };
/* End PBXFileReference section */

/* Begin PBXFrameworksBuildPhase section */
		85869C5F249D99EC000F77B8 /* Frameworks */ = {
			isa = PBXFrameworksBuildPhase;
			buildActionMask = 2147483647;
			files = (
			);
			runOnlyForDeploymentPostprocessing = 0;
		};
/* End PBXFrameworksBuildPhase section */

/* Begin PBXGroup section */
		85869C59249D99EC000F77B8 = {
			isa = PBXGroup;
			children = (
				85869C64249D99EC000F77B8 /* TestRotation */,
				85869C63249D99EC000F77B8 /* Products */,
			);
			sourceTree = "<group>";
		};
		85869C63249D99EC000F77B8 /* Products */ = {
			isa = PBXGroup;
			children = (
				85869C62249D99EC000F77B8 /* TestRotation.app */,
			);
			name = Products;
			sourceTree = "<group>";
		};
		85869C64249D99EC000F77B8 /* TestRotation */ = {
			isa = PBXGroup;
			children = (
				85869C65249D99EC000F77B8 /* AppDelegate.swift */,
				85869C67249D99EC000F77B8 /* SceneDelegate.swift */,
				85869C69249D99EC000F77B8 /* ViewController.swift */,
				85869C79249D9A7D000F77B8 /* ViewController4Landscape.swift */,
				85869C7A249D9A7D000F77B8 /* ViewController4Landscape.xib */,
				85869C6B249D99EC000F77B8 /* Main.storyboard */,
				85869C6E249D99ED000F77B8 /* Assets.xcassets */,
				85869C70249D99ED000F77B8 /* LaunchScreen.storyboard */,
				85869C73249D99ED000F77B8 /* Info.plist */,
			);
			path = TestRotation;
			sourceTree = "<group>";
		};
/* End PBXGroup section */

/* Begin PBXNativeTarget section */
		85869C61249D99EC000F77B8 /* TestRotation */ = {
			isa = PBXNativeTarget;
			buildConfigurationList = 85869C76249D99ED000F77B8 /* Build configuration list for PBXNativeTarget "TestRotation" */;
			buildPhases = (
				85869C5E249D99EC000F77B8 /* Sources */,
				85869C5F249D99EC000F77B8 /* Frameworks */,
				85869C60249D99EC000F77B8 /* Resources */,
			);
			buildRules = (
			);
			dependencies = (
			);
			name = TestRotation;
			productName = TestRotation;
			productReference = 85869C62249D99EC000F77B8 /* TestRotation.app */;
			productType = "com.apple.product-type.application";
		};
/* End PBXNativeTarget section */

/* Begin PBXProject section */
		85869C5A249D99EC000F77B8 /* Project object */ = {
			isa = PBXProject;
			attributes = {
				LastSwiftUpdateCheck = 1150;
				LastUpgradeCheck = 1150;
				ORGANIZATIONNAME = zanyzephyr;
				TargetAttributes = {
					85869C61249D99EC000F77B8 = {
						CreatedOnToolsVersion = 11.5;
					};
				};
			};
			buildConfigurationList = 85869C5D249D99EC000F77B8 /* Build configuration list for PBXProject "TestRotation" */;
			compatibilityVersion = "Xcode 9.3";
			developmentRegion = en;
			hasScannedForEncodings = 0;
			knownRegions = (
				en,
				Base,
			);
			mainGroup = 85869C59249D99EC000F77B8;
			productRefGroup = 85869C63249D99EC000F77B8 /* Products */;
			projectDirPath = "";
			projectRoot = "";
			targets = (
				85869C61249D99EC000F77B8 /* TestRotation */,
			);
		};
/* End PBXProject section */

/* Begin PBXResourcesBuildPhase section */
		85869C60249D99EC000F77B8 /* Resources */ = {
			isa = PBXResourcesBuildPhase;
			buildActionMask = 2147483647;
			files = (
				85869C72249D99ED000F77B8 /* LaunchScreen.storyboard in Resources */,
				85869C6F249D99ED000F77B8 /* Assets.xcassets in Resources */,
				85869C6D249D99EC000F77B8 /* Main.storyboard in Resources */,
				85869C7C249D9A7D000F77B8 /* ViewController4Landscape.xib in Resources */,
			);
			runOnlyForDeploymentPostprocessing = 0;
		};
/* End PBXResourcesBuildPhase section */

/* Begin PBXSourcesBuildPhase section */
		85869C5E249D99EC000F77B8 /* Sources */ = {
			isa = PBXSourcesBuildPhase;
			buildActionMask = 2147483647;
			files = (
				85869C6A249D99EC000F77B8 /* ViewController.swift in Sources */,
				85869C66249D99EC000F77B8 /* AppDelegate.swift in Sources */,
				85869C68249D99EC000F77B8 /* SceneDelegate.swift in Sources */,
				85869C7B249D9A7D000F77B8 /* ViewController4Landscape.swift in Sources */,
			);
			runOnlyForDeploymentPostprocessing = 0;
		};
/* End PBXSourcesBuildPhase section */

/* Begin PBXVariantGroup section */
		85869C6B249D99EC000F77B8 /* Main.storyboard */ = {
			isa = PBXVariantGroup;
			children = (
				85869C6C249D99EC000F77B8 /* Base */,
			);
			name = Main.storyboard;
			sourceTree = "<group>";
		};
		85869C70249D99ED000F77B8 /* LaunchScreen.storyboard */ = {
			isa = PBXVariantGroup;
			children = (
				85869C71249D99ED000F77B8 /* Base */,
			);
			name = LaunchScreen.storyboard;
			sourceTree = "<group>";
		};
/* End PBXVariantGroup section */

/* Begin XCBuildConfiguration section */
		85869C74249D99ED000F77B8 /* Debug */ = {
			isa = XCBuildConfiguration;
			buildSettings = {
				ALWAYS_SEARCH_USER_PATHS = NO;
				CLANG_ANALYZER_NONNULL = YES;
				CLANG_ANALYZER_NUMBER_OBJECT_CONVERSION = YES_AGGRESSIVE;
				CLANG_CXX_LANGUAGE_STANDARD = "gnu++14";
				CLANG_CXX_LIBRARY = "libc++";
				CLANG_ENABLE_MODULES = YES;
				CLANG_ENABLE_OBJC_ARC = YES;
				CLANG_ENABLE_OBJC_WEAK = YES;
				CLANG_WARN_BLOCK_CAPTURE_AUTORELEASING = YES;
				CLANG_WARN_BOOL_CONVERSION = YES;
				CLANG_WARN_COMMA = YES;
				CLANG_WARN_CONSTANT_CONVERSION = YES;
				CLANG_WARN_DEPRECATED_OBJC_IMPLEMENTATIONS = YES;
				CLANG_WARN_DIRECT_OBJC_ISA_USAGE = YES_ERROR;
				CLANG_WARN_DOCUMENTATION_COMMENTS = YES;
				CLANG_WARN_EMPTY_BODY = YES;
				CLANG_WARN_ENUM_CONVERSION = YES;
				CLANG_WARN_INFINITE_RECURSION = YES;
				CLANG_WARN_INT_CONVERSION = YES;
				CLANG_WARN_NON_LITERAL_NULL_CONVERSION = YES;
				CLANG_WARN_OBJC_IMPLICIT_RETAIN_SELF = YES;
				CLANG_WARN_OBJC_LITERAL_CONVERSION = YES;
				CLANG_WARN_OBJC_ROOT_CLASS = YES_ERROR;
				CLANG_WARN_RANGE_LOOP_ANALYSIS = YES;
				CLANG_WARN_STRICT_PROTOTYPES = YES;
				CLANG_WARN_SUSPICIOUS_MOVE = YES;
				CLANG_WARN_UNGUARDED_AVAILABILITY = YES_AGGRESSIVE;
				CLANG_WARN_UNREACHABLE_CODE = YES;
				CLANG_WARN__DUPLICATE_METHOD_MATCH = YES;
				COPY_PHASE_STRIP = NO;
				DEBUG_INFORMATION_FORMAT = dwarf;
				ENABLE_STRICT_OBJC_MSGSEND = YES;
				ENABLE_TESTABILITY = YES;
				GCC_C_LANGUAGE_STANDARD = gnu11;
				GCC_DYNAMIC_NO_PIC = NO;
				GCC_NO_COMMON_BLOCKS = YES;
				GCC_OPTIMIZATION_LEVEL = 0;
				GCC_PREPROCESSOR_DEFINITIONS = (
					"DEBUG=1",
					"$(inherited)",
				);
				GCC_WARN_64_TO_32_BIT_CONVERSION = YES;
				GCC_WARN_ABOUT_RETURN_TYPE = YES_ERROR;
				GCC_WARN_UNDECLARED_SELECTOR = YES;
				GCC_WARN_UNINITIALIZED_AUTOS = YES_AGGRESSIVE;
				GCC_WARN_UNUSED_FUNCTION = YES;
				GCC_WARN_UNUSED_VARIABLE = YES;
				IPHONEOS_DEPLOYMENT_TARGET = 13.5;
				MTL_ENABLE_DEBUG_INFO = INCLUDE_SOURCE;
				MTL_FAST_MATH = YES;
				ONLY_ACTIVE_ARCH = YES;
				SDKROOT = iphoneos;
				SWIFT_ACTIVE_COMPILATION_CONDITIONS = DEBUG;
				SWIFT_OPTIMIZATION_LEVEL = "-Onone";
			};
			name = Debug;
		};
		85869C75249D99ED000F77B8 /* Release */ = {
			isa = XCBuildConfiguration;
			buildSettings = {
				ALWAYS_SEARCH_USER_PATHS = NO;
				CLANG_ANALYZER_NONNULL = YES;
				CLANG_ANALYZER_NUMBER_OBJECT_CONVERSION = YES_AGGRESSIVE;
				CLANG_CXX_LANGUAGE_STANDARD = "gnu++14";
				CLANG_CXX_LIBRARY = "libc++";
				CLANG_ENABLE_MODULES = YES;
				CLANG_ENABLE_OBJC_ARC = YES;
				CLANG_ENABLE_OBJC_WEAK = YES;
				CLANG_WARN_BLOCK_CAPTURE_AUTORELEASING = YES;
				CLANG_WARN_BOOL_CONVERSION = YES;
				CLANG_WARN_COMMA = YES;
				CLANG_WARN_CONSTANT_CONVERSION = YES;
				CLANG_WARN_DEPRECATED_OBJC_IMPLEMENTATIONS = YES;
				CLANG_WARN_DIRECT_OBJC_ISA_USAGE = YES_ERROR;
				CLANG_WARN_DOCUMENTATION_COMMENTS = YES;
				CLANG_WARN_EMPTY_BODY = YES;
				CLANG_WARN_ENUM_CONVERSION = YES;
				CLANG_WARN_INFINITE_RECURSION = YES;
				CLANG_WARN_INT_CONVERSION = YES;
				CLANG_WARN_NON_LITERAL_NULL_CONVERSION = YES;
				CLANG_WARN_OBJC_IMPLICIT_RETAIN_SELF = YES;
				CLANG_WARN_OBJC_LITERAL_CONVERSION = YES;
				CLANG_WARN_OBJC_ROOT_CLASS = YES_ERROR;
				CLANG_WARN_RANGE_LOOP_ANALYSIS = YES;
				CLANG_WARN_STRICT_PROTOTYPES = YES;
				CLANG_WARN_SUSPICIOUS_MOVE = YES;
				CLANG_WARN_UNGUARDED_AVAILABILITY = YES_AGGRESSIVE;
				CLANG_WARN_UNREACHABLE_CODE = YES;
				CLANG_WARN__DUPLICATE_METHOD_MATCH = YES;
				COPY_PHASE_STRIP = NO;
				DEBUG_INFORMATION_FORMAT = "dwarf-with-dsym";
				ENABLE_NS_ASSERTIONS = NO;
				ENABLE_STRICT_OBJC_MSGSEND = YES;
				GCC_C_LANGUAGE_STANDARD = gnu11;
				GCC_NO_COMMON_BLOCKS = YES;
				GCC_WARN_64_TO_32_BIT_CONVERSION = YES;
				GCC_WARN_ABOUT_RETURN_TYPE = YES_ERROR;
				GCC_WARN_UNDECLARED_SELECTOR = YES;
				GCC_WARN_UNINITIALIZED_AUTOS = YES_AGGRESSIVE;
				GCC_WARN_UNUSED_FUNCTION = YES;
				GCC_WARN_UNUSED_VARIABLE = YES;
				IPHONEOS_DEPLOYMENT_TARGET = 13.5;
				MTL_ENABLE_DEBUG_INFO = NO;
				MTL_FAST_MATH = YES;
				SDKROOT = iphoneos;
				SWIFT_COMPILATION_MODE = wholemodule;
				SWIFT_OPTIMIZATION_LEVEL = "-O";
				VALIDATE_PRODUCT = YES;
			};
			name = Release;
		};
		85869C77249D99ED000F77B8 /* Debug */ = {
			isa = XCBuildConfiguration;
			buildSettings = {
				ASSETCATALOG_COMPILER_APPICON_NAME = AppIcon;
				CODE_SIGN_STYLE = Automatic;
				DEVELOPMENT_TEAM = 2DN2BYVY4Q;
				INFOPLIST_FILE = TestRotation/Info.plist;
				LD_RUNPATH_SEARCH_PATHS = (
					"$(inherited)",
					"@executable_path/Frameworks",
				);
				PRODUCT_BUNDLE_IDENTIFIER = com.zanyzephyr.TestRotation;
				PRODUCT_NAME = "$(TARGET_NAME)";
				SWIFT_VERSION = 5.0;
				TARGETED_DEVICE_FAMILY = "1,2";
			};
			name = Debug;
		};
		85869C78249D99ED000F77B8 /* Release */ = {
			isa = XCBuildConfiguration;
			buildSettings = {
				ASSETCATALOG_COMPILER_APPICON_NAME = AppIcon;
				CODE_SIGN_STYLE = Automatic;
				DEVELOPMENT_TEAM = 2DN2BYVY4Q;
				INFOPLIST_FILE = TestRotation/Info.plist;
				LD_RUNPATH_SEARCH_PATHS = (
					"$(inherited)",
					"@executable_path/Frameworks",
				);
				PRODUCT_BUNDLE_IDENTIFIER = com.zanyzephyr.TestRotation;
				PRODUCT_NAME = "$(TARGET_NAME)";
				SWIFT_VERSION = 5.0;
				TARGETED_DEVICE_FAMILY = "1,2";
			};
			name = Release;
		};
/* End XCBuildConfiguration section */

/* Begin XCConfigurationList section */
		85869C5D249D99EC000F77B8 /* Build configuration list for PBXProject "TestRotation" */ = {
			isa = XCConfigurationList;
			buildConfigurations = (
				85869C74249D99ED000F77B8 /* Debug */,
				85869C75249D99ED000F77B8 /* Release */,
			);
			defaultConfigurationIsVisible = 0;
			defaultConfigurationName = Release;
		};
		85869C76249D99ED000F77B8 /* Build configuration list for PBXNativeTarget "TestRotation" */ = {
			isa = XCConfigurationList;
			buildConfigurations = (
				85869C77249D99ED000F77B8 /* Debug */,
				85869C78249D99ED000F77B8 /* Release */,
			);
			defaultConfigurationIsVisible = 0;
			defaultConfigurationName = Release;
		};
/* End XCConfigurationList section */
	};
	rootObject = 85869C5A249D99EC000F77B8 /* Project object */;
}
