// !$*UTF8*$!
{
	archiveVersion = 1;
	classes = {
	};
	objectVersion = 55;
	objects = {

/* Begin PBXBuildFile section */
		854CB7C72849A99400140AB3 /* DatePlannerApp.swift in Sources */ = {isa = PBXBuildFile; fileRef = 854CB7B72849A99200140AB3 /* DatePlannerApp.swift */; };
		854CB7C82849A99400140AB3 /* DatePlannerApp.swift in Sources */ = {isa = PBXBuildFile; fileRef = 854CB7B72849A99200140AB3 /* DatePlannerApp.swift */; };
		854CB7C92849A99400140AB3 /* ContentView.swift in Sources */ = {isa = PBXBuildFile; fileRef = 854CB7B82849A99200140AB3 /* ContentView.swift */; };
		854CB7CA2849A99400140AB3 /* ContentView.swift in Sources */ = {isa = PBXBuildFile; fileRef = 854CB7B82849A99200140AB3 /* ContentView.swift */; };
		854CB7CB2849A99400140AB3 /* Assets.xcassets in Resources */ = {isa = PBXBuildFile; fileRef = 854CB7B92849A99400140AB3 /* Assets.xcassets */; };
		854CB7CC2849A99400140AB3 /* Assets.xcassets in Resources */ = {isa = PBXBuildFile; fileRef = 854CB7B92849A99400140AB3 /* Assets.xcassets */; };
		854CB7D62849C59800140AB3 /* EventTask.swift in Sources */ = {isa = PBXBuildFile; fileRef = 854CB7D52849C59800140AB3 /* EventTask.swift */; };
		854CB7D72849C59800140AB3 /* EventTask.swift in Sources */ = {isa = PBXBuildFile; fileRef = 854CB7D52849C59800140AB3 /* EventTask.swift */; };
		854CB7D92849C5CC00140AB3 /* Event.swift in Sources */ = {isa = PBXBuildFile; fileRef = 854CB7D82849C5CC00140AB3 /* Event.swift */; };
		854CB7DA2849C5CC00140AB3 /* Event.swift in Sources */ = {isa = PBXBuildFile; fileRef = 854CB7D82849C5CC00140AB3 /* Event.swift */; };
		854CB7DC2849C7D200140AB3 /* EventSymbols.swift in Sources */ = {isa = PBXBuildFile; fileRef = 854CB7DB2849C7D200140AB3 /* EventSymbols.swift */; };
		854CB7DD2849C7D200140AB3 /* EventSymbols.swift in Sources */ = {isa = PBXBuildFile; fileRef = 854CB7DB2849C7D200140AB3 /* EventSymbols.swift */; };
		854CB7DF2849C96D00140AB3 /* ColorOptions.swift in Sources */ = {isa = PBXBuildFile; fileRef = 854CB7DE2849C96D00140AB3 /* ColorOptions.swift */; };
		854CB7E02849C96D00140AB3 /* ColorOptions.swift in Sources */ = {isa = PBXBuildFile; fileRef = 854CB7DE2849C96D00140AB3 /* ColorOptions.swift */; };
		854CB7E22849CE7600140AB3 /* EventData.swift in Sources */ = {isa = PBXBuildFile; fileRef = 854CB7E12849CE7600140AB3 /* EventData.swift */; };
		854CB7E32849CE7600140AB3 /* EventData.swift in Sources */ = {isa = PBXBuildFile; fileRef = 854CB7E12849CE7600140AB3 /* EventData.swift */; };
		854CB7E82849D3EA00140AB3 /* EventList.swift in Sources */ = {isa = PBXBuildFile; fileRef = 854CB7E72849D3EA00140AB3 /* EventList.swift */; };
		854CB7E92849D3EA00140AB3 /* EventList.swift in Sources */ = {isa = PBXBuildFile; fileRef = 854CB7E72849D3EA00140AB3 /* EventList.swift */; };
		854CB7EB2849D4E700140AB3 /* EventEditor.swift in Sources */ = {isa = PBXBuildFile; fileRef = 854CB7EA2849D4E700140AB3 /* EventEditor.swift */; };
		854CB7EC2849D4E700140AB3 /* EventEditor.swift in Sources */ = {isa = PBXBuildFile; fileRef = 854CB7EA2849D4E700140AB3 /* EventEditor.swift */; };
		854CB7EE2849ECA900140AB3 /* EventDetail.swift in Sources */ = {isa = PBXBuildFile; fileRef = 854CB7ED2849ECA900140AB3 /* EventDetail.swift */; };
		854CB7EF2849ECA900140AB3 /* EventDetail.swift in Sources */ = {isa = PBXBuildFile; fileRef = 854CB7ED2849ECA900140AB3 /* EventDetail.swift */; };
		854CB7F12849EE4600140AB3 /* SFSymbolstyling.swift in Sources */ = {isa = PBXBuildFile; fileRef = 854CB7F02849EE4600140AB3 /* SFSymbolstyling.swift */; };
		854CB7F22849EE4600140AB3 /* SFSymbolstyling.swift in Sources */ = {isa = PBXBuildFile; fileRef = 854CB7F02849EE4600140AB3 /* SFSymbolstyling.swift */; };
		854CB7F42849F2D800140AB3 /* TaskRow.swift in Sources */ = {isa = PBXBuildFile; fileRef = 854CB7F32849F2D800140AB3 /* TaskRow.swift */; };
		854CB7F52849F2D800140AB3 /* TaskRow.swift in Sources */ = {isa = PBXBuildFile; fileRef = 854CB7F32849F2D800140AB3 /* TaskRow.swift */; };
		854CB7F72849F77800140AB3 /* SymbolPicker.swift in Sources */ = {isa = PBXBuildFile; fileRef = 854CB7F62849F77800140AB3 /* SymbolPicker.swift */; };
		854CB7F82849F77800140AB3 /* SymbolPicker.swift in Sources */ = {isa = PBXBuildFile; fileRef = 854CB7F62849F77800140AB3 /* SymbolPicker.swift */; };
		854CB7FA284A022F00140AB3 /* EventRow.swift in Sources */ = {isa = PBXBuildFile; fileRef = 854CB7F9284A022F00140AB3 /* EventRow.swift */; };
		854CB7FB284A022F00140AB3 /* EventRow.swift in Sources */ = {isa = PBXBuildFile; fileRef = 854CB7F9284A022F00140AB3 /* EventRow.swift */; };
/* End PBXBuildFile section */

/* Begin PBXFileReference section */
		854CB7B72849A99200140AB3 /* DatePlannerApp.swift */ = {isa = PBXFileReference; lastKnownFileType = sourcecode.swift; path = DatePlannerApp.swift; sourceTree = "<group>"; };
		854CB7B82849A99200140AB3 /* ContentView.swift */ = {isa = PBXFileReference; lastKnownFileType = sourcecode.swift; path = ContentView.swift; sourceTree = "<group>"; };
		854CB7B92849A99400140AB3 /* Assets.xcassets */ = {isa = PBXFileReference; lastKnownFileType = folder.assetcatalog; path = Assets.xcassets; sourceTree = "<group>"; };
		854CB7BE2849A99400140AB3 /* DatePlanner.app */ = {isa = PBXFileReference; explicitFileType = wrapper.application; includeInIndex = 0; path = DatePlanner.app; sourceTree = BUILT_PRODUCTS_DIR; };
		854CB7C42849A99400140AB3 /* DatePlanner.app */ = {isa = PBXFileReference; explicitFileType = wrapper.application; includeInIndex = 0; path = DatePlanner.app; sourceTree = BUILT_PRODUCTS_DIR; };
		854CB7C62849A99400140AB3 /* macOS.entitlements */ = {isa = PBXFileReference; lastKnownFileType = text.plist.entitlements; path = macOS.entitlements; sourceTree = "<group>"; };
		854CB7D52849C59800140AB3 /* EventTask.swift */ = {isa = PBXFileReference; lastKnownFileType = sourcecode.swift; path = EventTask.swift; sourceTree = "<group>"; };
		854CB7D82849C5CC00140AB3 /* Event.swift */ = {isa = PBXFileReference; lastKnownFileType = sourcecode.swift; path = Event.swift; sourceTree = "<group>"; };
		854CB7DB2849C7D200140AB3 /* EventSymbols.swift */ = {isa = PBXFileReference; lastKnownFileType = sourcecode.swift; path = EventSymbols.swift; sourceTree = "<group>"; };
		854CB7DE2849C96D00140AB3 /* ColorOptions.swift */ = {isa = PBXFileReference; lastKnownFileType = sourcecode.swift; path = ColorOptions.swift; sourceTree = "<group>"; };
		854CB7E12849CE7600140AB3 /* EventData.swift */ = {isa = PBXFileReference; lastKnownFileType = sourcecode.swift; path = EventData.swift; sourceTree = "<group>"; };
		854CB7E72849D3EA00140AB3 /* EventList.swift */ = {isa = PBXFileReference; lastKnownFileType = sourcecode.swift; path = EventList.swift; sourceTree = "<group>"; };
		854CB7EA2849D4E700140AB3 /* EventEditor.swift */ = {isa = PBXFileReference; lastKnownFileType = sourcecode.swift; path = EventEditor.swift; sourceTree = "<group>"; };
		854CB7ED2849ECA900140AB3 /* EventDetail.swift */ = {isa = PBXFileReference; lastKnownFileType = sourcecode.swift; path = EventDetail.swift; sourceTree = "<group>"; };
		854CB7F02849EE4600140AB3 /* SFSymbolstyling.swift */ = {isa = PBXFileReference; lastKnownFileType = sourcecode.swift; path = SFSymbolstyling.swift; sourceTree = "<group>"; };
		854CB7F32849F2D800140AB3 /* TaskRow.swift */ = {isa = PBXFileReference; lastKnownFileType = sourcecode.swift; path = TaskRow.swift; sourceTree = "<group>"; };
		854CB7F62849F77800140AB3 /* SymbolPicker.swift */ = {isa = PBXFileReference; lastKnownFileType = sourcecode.swift; path = SymbolPicker.swift; sourceTree = "<group>"; };
		854CB7F9284A022F00140AB3 /* EventRow.swift */ = {isa = PBXFileReference; lastKnownFileType = sourcecode.swift; path = EventRow.swift; sourceTree = "<group>"; };
/* End PBXFileReference section */

/* Begin PBXFrameworksBuildPhase section */
		854CB7BB2849A99400140AB3 /* Frameworks */ = {
			isa = PBXFrameworksBuildPhase;
			buildActionMask = 2147483647;
			files = (
			);
			runOnlyForDeploymentPostprocessing = 0;
		};
		854CB7C12849A99400140AB3 /* Frameworks */ = {
			isa = PBXFrameworksBuildPhase;
			buildActionMask = 2147483647;
			files = (
			);
			runOnlyForDeploymentPostprocessing = 0;
		};
/* End PBXFrameworksBuildPhase section */

/* Begin PBXGroup section */
		854CB7B12849A99200140AB3 = {
			isa = PBXGroup;
			children = (
				854CB7B62849A99200140AB3 /* Shared */,
				854CB7C52849A99400140AB3 /* macOS */,
				854CB7BF2849A99400140AB3 /* Products */,
			);
			sourceTree = "<group>";
		};
		854CB7B62849A99200140AB3 /* Shared */ = {
			isa = PBXGroup;
			children = (
				854CB7B72849A99200140AB3 /* DatePlannerApp.swift */,
				854CB7DE2849C96D00140AB3 /* ColorOptions.swift */,
				854CB7D52849C59800140AB3 /* EventTask.swift */,
				854CB7D82849C5CC00140AB3 /* Event.swift */,
				854CB7E12849CE7600140AB3 /* EventData.swift */,
				854CB7E72849D3EA00140AB3 /* EventList.swift */,
				854CB7F9284A022F00140AB3 /* EventRow.swift */,
				854CB7EA2849D4E700140AB3 /* EventEditor.swift */,
				854CB7ED2849ECA900140AB3 /* EventDetail.swift */,
				854CB7F62849F77800140AB3 /* SymbolPicker.swift */,
				854CB7F32849F2D800140AB3 /* TaskRow.swift */,
				854CB7F02849EE4600140AB3 /* SFSymbolstyling.swift */,
				854CB7DB2849C7D200140AB3 /* EventSymbols.swift */,
				854CB7B82849A99200140AB3 /* ContentView.swift */,
				854CB7B92849A99400140AB3 /* Assets.xcassets */,
			);
			path = Shared;
			sourceTree = "<group>";
		};
		854CB7BF2849A99400140AB3 /* Products */ = {
			isa = PBXGroup;
			children = (
				854CB7BE2849A99400140AB3 /* DatePlanner.app */,
				854CB7C42849A99400140AB3 /* DatePlanner.app */,
			);
			name = Products;
			sourceTree = "<group>";
		};
		854CB7C52849A99400140AB3 /* macOS */ = {
			isa = PBXGroup;
			children = (
				854CB7C62849A99400140AB3 /* macOS.entitlements */,
			);
			path = macOS;
			sourceTree = "<group>";
		};
/* End PBXGroup section */

/* Begin PBXNativeTarget section */
		854CB7BD2849A99400140AB3 /* DatePlanner (iOS) */ = {
			isa = PBXNativeTarget;
			buildConfigurationList = 854CB7CF2849A99400140AB3 /* Build configuration list for PBXNativeTarget "DatePlanner (iOS)" */;
			buildPhases = (
				854CB7BA2849A99400140AB3 /* Sources */,
				854CB7BB2849A99400140AB3 /* Frameworks */,
				854CB7BC2849A99400140AB3 /* Resources */,
			);
			buildRules = (
			);
			dependencies = (
			);
			name = "DatePlanner (iOS)";
			productName = "DatePlanner (iOS)";
			productReference = 854CB7BE2849A99400140AB3 /* DatePlanner.app */;
			productType = "com.apple.product-type.application";
		};
		854CB7C32849A99400140AB3 /* DatePlanner (macOS) */ = {
			isa = PBXNativeTarget;
			buildConfigurationList = 854CB7D22849A99400140AB3 /* Build configuration list for PBXNativeTarget "DatePlanner (macOS)" */;
			buildPhases = (
				854CB7C02849A99400140AB3 /* Sources */,
				854CB7C12849A99400140AB3 /* Frameworks */,
				854CB7C22849A99400140AB3 /* Resources */,
			);
			buildRules = (
			);
			dependencies = (
			);
			name = "DatePlanner (macOS)";
			productName = "DatePlanner (macOS)";
			productReference = 854CB7C42849A99400140AB3 /* DatePlanner.app */;
			productType = "com.apple.product-type.application";
		};
/* End PBXNativeTarget section */

/* Begin PBXProject section */
		854CB7B22849A99200140AB3 /* Project object */ = {
			isa = PBXProject;
			attributes = {
				BuildIndependentTargetsInParallel = 1;
				LastSwiftUpdateCheck = 1340;
				LastUpgradeCheck = 1340;
				TargetAttributes = {
					854CB7BD2849A99400140AB3 = {
						CreatedOnToolsVersion = 13.4;
					};
					854CB7C32849A99400140AB3 = {
						CreatedOnToolsVersion = 13.4;
					};
				};
			};
			buildConfigurationList = 854CB7B52849A99200140AB3 /* Build configuration list for PBXProject "DatePlanner" */;
			compatibilityVersion = "Xcode 13.0";
			developmentRegion = en;
			hasScannedForEncodings = 0;
			knownRegions = (
				en,
				Base,
			);
			mainGroup = 854CB7B12849A99200140AB3;
			productRefGroup = 854CB7BF2849A99400140AB3 /* Products */;
			projectDirPath = "";
			projectRoot = "";
			targets = (
				854CB7BD2849A99400140AB3 /* DatePlanner (iOS) */,
				854CB7C32849A99400140AB3 /* DatePlanner (macOS) */,
			);
		};
/* End PBXProject section */

/* Begin PBXResourcesBuildPhase section */
		854CB7BC2849A99400140AB3 /* Resources */ = {
			isa = PBXResourcesBuildPhase;
			buildActionMask = 2147483647;
			files = (
				854CB7CB2849A99400140AB3 /* Assets.xcassets in Resources */,
			);
			runOnlyForDeploymentPostprocessing = 0;
		};
		854CB7C22849A99400140AB3 /* Resources */ = {
			isa = PBXResourcesBuildPhase;
			buildActionMask = 2147483647;
			files = (
				854CB7CC2849A99400140AB3 /* Assets.xcassets in Resources */,
			);
			runOnlyForDeploymentPostprocessing = 0;
		};
/* End PBXResourcesBuildPhase section */

/* Begin PBXSourcesBuildPhase section */
		854CB7BA2849A99400140AB3 /* Sources */ = {
			isa = PBXSourcesBuildPhase;
			buildActionMask = 2147483647;
			files = (
				854CB7E82849D3EA00140AB3 /* EventList.swift in Sources */,
				854CB7F12849EE4600140AB3 /* SFSymbolstyling.swift in Sources */,
				854CB7D92849C5CC00140AB3 /* Event.swift in Sources */,
				854CB7F42849F2D800140AB3 /* TaskRow.swift in Sources */,
				854CB7EB2849D4E700140AB3 /* EventEditor.swift in Sources */,
				854CB7EE2849ECA900140AB3 /* EventDetail.swift in Sources */,
				854CB7DC2849C7D200140AB3 /* EventSymbols.swift in Sources */,
				854CB7E22849CE7600140AB3 /* EventData.swift in Sources */,
				854CB7DF2849C96D00140AB3 /* ColorOptions.swift in Sources */,
				854CB7D62849C59800140AB3 /* EventTask.swift in Sources */,
				854CB7C92849A99400140AB3 /* ContentView.swift in Sources */,
				854CB7FA284A022F00140AB3 /* EventRow.swift in Sources */,
				854CB7C72849A99400140AB3 /* DatePlannerApp.swift in Sources */,
				854CB7F72849F77800140AB3 /* SymbolPicker.swift in Sources */,
			);
			runOnlyForDeploymentPostprocessing = 0;
		};
		854CB7C02849A99400140AB3 /* Sources */ = {
			isa = PBXSourcesBuildPhase;
			buildActionMask = 2147483647;
			files = (
				854CB7E92849D3EA00140AB3 /* EventList.swift in Sources */,
				854CB7F22849EE4600140AB3 /* SFSymbolstyling.swift in Sources */,
				854CB7DA2849C5CC00140AB3 /* Event.swift in Sources */,
				854CB7F52849F2D800140AB3 /* TaskRow.swift in Sources */,
				854CB7EC2849D4E700140AB3 /* EventEditor.swift in Sources */,
				854CB7EF2849ECA900140AB3 /* EventDetail.swift in Sources */,
				854CB7DD2849C7D200140AB3 /* EventSymbols.swift in Sources */,
				854CB7E32849CE7600140AB3 /* EventData.swift in Sources */,
				854CB7E02849C96D00140AB3 /* ColorOptions.swift in Sources */,
				854CB7D72849C59800140AB3 /* EventTask.swift in Sources */,
				854CB7CA2849A99400140AB3 /* ContentView.swift in Sources */,
				854CB7FB284A022F00140AB3 /* EventRow.swift in Sources */,
				854CB7C82849A99400140AB3 /* DatePlannerApp.swift in Sources */,
				854CB7F82849F77800140AB3 /* SymbolPicker.swift in Sources */,
			);
			runOnlyForDeploymentPostprocessing = 0;
		};
/* End PBXSourcesBuildPhase section */

/* Begin XCBuildConfiguration section */
		854CB7CD2849A99400140AB3 /* Debug */ = {
			isa = XCBuildConfiguration;
			buildSettings = {
				ALWAYS_SEARCH_USER_PATHS = NO;
				CLANG_ANALYZER_NONNULL = YES;
				CLANG_ANALYZER_NUMBER_OBJECT_CONVERSION = YES_AGGRESSIVE;
				CLANG_CXX_LANGUAGE_STANDARD = "gnu++17";
				CLANG_ENABLE_MODULES = YES;
				CLANG_ENABLE_OBJC_ARC = YES;
				CLANG_ENABLE_OBJC_WEAK = YES;
				CLANG_WARN_BLOCK_CAPTURE_AUTORELEASING = YES;
				CLANG_WARN_BOOL_CONVERSION = YES;
				CLANG_WARN_COMMA = YES;
				CLANG_WARN_CONSTANT_CONVERSION = YES;
				CLANG_WARN_DEPRECATED_OBJC_IMPLEMENTATIONS = YES;
				CLANG_WARN_DIRECT_OBJC_ISA_USAGE = YES_ERROR;
				CLANG_WARN_DOCUMENTATION_COMMENTS = YES;
				CLANG_WARN_EMPTY_BODY = YES;
				CLANG_WARN_ENUM_CONVERSION = YES;
				CLANG_WARN_INFINITE_RECURSION = YES;
				CLANG_WARN_INT_CONVERSION = YES;
				CLANG_WARN_NON_LITERAL_NULL_CONVERSION = YES;
				CLANG_WARN_OBJC_IMPLICIT_RETAIN_SELF = YES;
				CLANG_WARN_OBJC_LITERAL_CONVERSION = YES;
				CLANG_WARN_OBJC_ROOT_CLASS = YES_ERROR;
				CLANG_WARN_QUOTED_INCLUDE_IN_FRAMEWORK_HEADER = YES;
				CLANG_WARN_RANGE_LOOP_ANALYSIS = YES;
				CLANG_WARN_STRICT_PROTOTYPES = YES;
				CLANG_WARN_SUSPICIOUS_MOVE = YES;
				CLANG_WARN_UNGUARDED_AVAILABILITY = YES_AGGRESSIVE;
				CLANG_WARN_UNREACHABLE_CODE = YES;
				CLANG_WARN__DUPLICATE_METHOD_MATCH = YES;
				COPY_PHASE_STRIP = NO;
				DEBUG_INFORMATION_FORMAT = dwarf;
				ENABLE_STRICT_OBJC_MSGSEND = YES;
				ENABLE_TESTABILITY = YES;
				GCC_C_LANGUAGE_STANDARD = gnu11;
				GCC_DYNAMIC_NO_PIC = NO;
				GCC_NO_COMMON_BLOCKS = YES;
				GCC_OPTIMIZATION_LEVEL = 0;
				GCC_PREPROCESSOR_DEFINITIONS = (
					"DEBUG=1",
					"$(inherited)",
				);
				GCC_WARN_64_TO_32_BIT_CONVERSION = YES;
				GCC_WARN_ABOUT_RETURN_TYPE = YES_ERROR;
				GCC_WARN_UNDECLARED_SELECTOR = YES;
				GCC_WARN_UNINITIALIZED_AUTOS = YES_AGGRESSIVE;
				GCC_WARN_UNUSED_FUNCTION = YES;
				GCC_WARN_UNUSED_VARIABLE = YES;
				MTL_ENABLE_DEBUG_INFO = INCLUDE_SOURCE;
				MTL_FAST_MATH = YES;
				ONLY_ACTIVE_ARCH = YES;
				SWIFT_ACTIVE_COMPILATION_CONDITIONS = DEBUG;
				SWIFT_OPTIMIZATION_LEVEL = "-Onone";
			};
			name = Debug;
		};
		854CB7CE2849A99400140AB3 /* Release */ = {
			isa = XCBuildConfiguration;
			buildSettings = {
				ALWAYS_SEARCH_USER_PATHS = NO;
				CLANG_ANALYZER_NONNULL = YES;
				CLANG_ANALYZER_NUMBER_OBJECT_CONVERSION = YES_AGGRESSIVE;
				CLANG_CXX_LANGUAGE_STANDARD = "gnu++17";
				CLANG_ENABLE_MODULES = YES;
				CLANG_ENABLE_OBJC_ARC = YES;
				CLANG_ENABLE_OBJC_WEAK = YES;
				CLANG_WARN_BLOCK_CAPTURE_AUTORELEASING = YES;
				CLANG_WARN_BOOL_CONVERSION = YES;
				CLANG_WARN_COMMA = YES;
				CLANG_WARN_CONSTANT_CONVERSION = YES;
				CLANG_WARN_DEPRECATED_OBJC_IMPLEMENTATIONS = YES;
				CLANG_WARN_DIRECT_OBJC_ISA_USAGE = YES_ERROR;
				CLANG_WARN_DOCUMENTATION_COMMENTS = YES;
				CLANG_WARN_EMPTY_BODY = YES;
				CLANG_WARN_ENUM_CONVERSION = YES;
				CLANG_WARN_INFINITE_RECURSION = YES;
				CLANG_WARN_INT_CONVERSION = YES;
				CLANG_WARN_NON_LITERAL_NULL_CONVERSION = YES;
				CLANG_WARN_OBJC_IMPLICIT_RETAIN_SELF = YES;
				CLANG_WARN_OBJC_LITERAL_CONVERSION = YES;
				CLANG_WARN_OBJC_ROOT_CLASS = YES_ERROR;
				CLANG_WARN_QUOTED_INCLUDE_IN_FRAMEWORK_HEADER = YES;
				CLANG_WARN_RANGE_LOOP_ANALYSIS = YES;
				CLANG_WARN_STRICT_PROTOTYPES = YES;
				CLANG_WARN_SUSPICIOUS_MOVE = YES;
				CLANG_WARN_UNGUARDED_AVAILABILITY = YES_AGGRESSIVE;
				CLANG_WARN_UNREACHABLE_CODE = YES;
				CLANG_WARN__DUPLICATE_METHOD_MATCH = YES;
				COPY_PHASE_STRIP = NO;
				DEBUG_INFORMATION_FORMAT = "dwarf-with-dsym";
				ENABLE_NS_ASSERTIONS = NO;
				ENABLE_STRICT_OBJC_MSGSEND = YES;
				GCC_C_LANGUAGE_STANDARD = gnu11;
				GCC_NO_COMMON_BLOCKS = YES;
				GCC_WARN_64_TO_32_BIT_CONVERSION = YES;
				GCC_WARN_ABOUT_RETURN_TYPE = YES_ERROR;
				GCC_WARN_UNDECLARED_SELECTOR = YES;
				GCC_WARN_UNINITIALIZED_AUTOS = YES_AGGRESSIVE;
				GCC_WARN_UNUSED_FUNCTION = YES;
				GCC_WARN_UNUSED_VARIABLE = YES;
				MTL_ENABLE_DEBUG_INFO = NO;
				MTL_FAST_MATH = YES;
				SWIFT_COMPILATION_MODE = wholemodule;
				SWIFT_OPTIMIZATION_LEVEL = "-O";
			};
			name = Release;
		};
		854CB7D02849A99400140AB3 /* Debug */ = {
			isa = XCBuildConfiguration;
			buildSettings = {
				ASSETCATALOG_COMPILER_APPICON_NAME = AppIcon;
				ASSETCATALOG_COMPILER_GLOBAL_ACCENT_COLOR_NAME = AccentColor;
				CODE_SIGN_STYLE = Automatic;
				CURRENT_PROJECT_VERSION = 1;
				DEVELOPMENT_TEAM = P5WDG52H57;
				ENABLE_PREVIEWS = YES;
				GENERATE_INFOPLIST_FILE = YES;
				INFOPLIST_KEY_UIApplicationSceneManifest_Generation = YES;
				INFOPLIST_KEY_UIApplicationSupportsIndirectInputEvents = YES;
				INFOPLIST_KEY_UILaunchScreen_Generation = YES;
				INFOPLIST_KEY_UISupportedInterfaceOrientations_iPad = "UIInterfaceOrientationPortrait UIInterfaceOrientationPortraitUpsideDown UIInterfaceOrientationLandscapeLeft UIInterfaceOrientationLandscapeRight";
				INFOPLIST_KEY_UISupportedInterfaceOrientations_iPhone = "UIInterfaceOrientationPortrait UIInterfaceOrientationLandscapeLeft UIInterfaceOrientationLandscapeRight";
				IPHONEOS_DEPLOYMENT_TARGET = 15.5;
				LD_RUNPATH_SEARCH_PATHS = (
					"$(inherited)",
					"@executable_path/Frameworks",
				);
				MARKETING_VERSION = 1.0;
				PRODUCT_BUNDLE_IDENTIFIER = com.housesigma.DatePlanner;
				PRODUCT_NAME = DatePlanner;
				SDKROOT = iphoneos;
				SWIFT_EMIT_LOC_STRINGS = YES;
				SWIFT_VERSION = 5.0;
				TARGETED_DEVICE_FAMILY = "1,2";
			};
			name = Debug;
		};
		854CB7D12849A99400140AB3 /* Release */ = {
			isa = XCBuildConfiguration;
			buildSettings = {
				ASSETCATALOG_COMPILER_APPICON_NAME = AppIcon;
				ASSETCATALOG_COMPILER_GLOBAL_ACCENT_COLOR_NAME = AccentColor;
				CODE_SIGN_STYLE = Automatic;
				CURRENT_PROJECT_VERSION = 1;
				DEVELOPMENT_TEAM = P5WDG52H57;
				ENABLE_PREVIEWS = YES;
				GENERATE_INFOPLIST_FILE = YES;
				INFOPLIST_KEY_UIApplicationSceneManifest_Generation = YES;
				INFOPLIST_KEY_UIApplicationSupportsIndirectInputEvents = YES;
				INFOPLIST_KEY_UILaunchScreen_Generation = YES;
				INFOPLIST_KEY_UISupportedInterfaceOrientations_iPad = "UIInterfaceOrientationPortrait UIInterfaceOrientationPortraitUpsideDown UIInterfaceOrientationLandscapeLeft UIInterfaceOrientationLandscapeRight";
				INFOPLIST_KEY_UISupportedInterfaceOrientations_iPhone = "UIInterfaceOrientationPortrait UIInterfaceOrientationLandscapeLeft UIInterfaceOrientationLandscapeRight";
				IPHONEOS_DEPLOYMENT_TARGET = 15.5;
				LD_RUNPATH_SEARCH_PATHS = (
					"$(inherited)",
					"@executable_path/Frameworks",
				);
				MARKETING_VERSION = 1.0;
				PRODUCT_BUNDLE_IDENTIFIER = com.housesigma.DatePlanner;
				PRODUCT_NAME = DatePlanner;
				SDKROOT = iphoneos;
				SWIFT_EMIT_LOC_STRINGS = YES;
				SWIFT_VERSION = 5.0;
				TARGETED_DEVICE_FAMILY = "1,2";
				VALIDATE_PRODUCT = YES;
			};
			name = Release;
		};
		854CB7D32849A99400140AB3 /* Debug */ = {
			isa = XCBuildConfiguration;
			buildSettings = {
				ASSETCATALOG_COMPILER_APPICON_NAME = AppIcon;
				ASSETCATALOG_COMPILER_GLOBAL_ACCENT_COLOR_NAME = AccentColor;
				CODE_SIGN_ENTITLEMENTS = macOS/macOS.entitlements;
				CODE_SIGN_STYLE = Automatic;
				COMBINE_HIDPI_IMAGES = YES;
				CURRENT_PROJECT_VERSION = 1;
				DEVELOPMENT_TEAM = P5WDG52H57;
				ENABLE_HARDENED_RUNTIME = YES;
				ENABLE_PREVIEWS = YES;
				GENERATE_INFOPLIST_FILE = YES;
				INFOPLIST_KEY_NSHumanReadableCopyright = "";
				LD_RUNPATH_SEARCH_PATHS = (
					"$(inherited)",
					"@executable_path/../Frameworks",
				);
				MACOSX_DEPLOYMENT_TARGET = 12.3;
				MARKETING_VERSION = 1.0;
				PRODUCT_BUNDLE_IDENTIFIER = com.housesigma.DatePlanner;
				PRODUCT_NAME = DatePlanner;
				SDKROOT = macosx;
				SWIFT_EMIT_LOC_STRINGS = YES;
				SWIFT_VERSION = 5.0;
			};
			name = Debug;
		};
		854CB7D42849A99400140AB3 /* Release */ = {
			isa = XCBuildConfiguration;
			buildSettings = {
				ASSETCATALOG_COMPILER_APPICON_NAME = AppIcon;
				ASSETCATALOG_COMPILER_GLOBAL_ACCENT_COLOR_NAME = AccentColor;
				CODE_SIGN_ENTITLEMENTS = macOS/macOS.entitlements;
				CODE_SIGN_STYLE = Automatic;
				COMBINE_HIDPI_IMAGES = YES;
				CURRENT_PROJECT_VERSION = 1;
				DEVELOPMENT_TEAM = P5WDG52H57;
				ENABLE_HARDENED_RUNTIME = YES;
				ENABLE_PREVIEWS = YES;
				GENERATE_INFOPLIST_FILE = YES;
				INFOPLIST_KEY_NSHumanReadableCopyright = "";
				LD_RUNPATH_SEARCH_PATHS = (
					"$(inherited)",
					"@executable_path/../Frameworks",
				);
				MACOSX_DEPLOYMENT_TARGET = 12.3;
				MARKETING_VERSION = 1.0;
				PRODUCT_BUNDLE_IDENTIFIER = com.housesigma.DatePlanner;
				PRODUCT_NAME = DatePlanner;
				SDKROOT = macosx;
				SWIFT_EMIT_LOC_STRINGS = YES;
				SWIFT_VERSION = 5.0;
			};
			name = Release;
		};
/* End XCBuildConfiguration section */

/* Begin XCConfigurationList section */
		854CB7B52849A99200140AB3 /* Build configuration list for PBXProject "DatePlanner" */ = {
			isa = XCConfigurationList;
			buildConfigurations = (
				854CB7CD2849A99400140AB3 /* Debug */,
				854CB7CE2849A99400140AB3 /* Release */,
			);
			defaultConfigurationIsVisible = 0;
			defaultConfigurationName = Release;
		};
		854CB7CF2849A99400140AB3 /* Build configuration list for PBXNativeTarget "DatePlanner (iOS)" */ = {
			isa = XCConfigurationList;
			buildConfigurations = (
				854CB7D02849A99400140AB3 /* Debug */,
				854CB7D12849A99400140AB3 /* Release */,
			);
			defaultConfigurationIsVisible = 0;
			defaultConfigurationName = Release;
		};
		854CB7D22849A99400140AB3 /* Build configuration list for PBXNativeTarget "DatePlanner (macOS)" */ = {
			isa = XCConfigurationList;
			buildConfigurations = (
				854CB7D32849A99400140AB3 /* Debug */,
				854CB7D42849A99400140AB3 /* Release */,
			);
			defaultConfigurationIsVisible = 0;
			defaultConfigurationName = Release;
		};
/* End XCConfigurationList section */
	};
	rootObject = 854CB7B22849A99200140AB3 /* Project object */;
}
