// !$*UTF8*$!
{
	archiveVersion = 1;
	classes = {
	};
	objectVersion = 50;
	objects = {

/* Begin PBXBuildFile section */
		855B9895247AB7B500E86DD4 /* AppDelegate.swift in Sources */ = {isa = PBXBuildFile; fileRef = 855B9894247AB7B500E86DD4 /* AppDelegate.swift */; };
		855B9897247AB7B500E86DD4 /* SceneDelegate.swift in Sources */ = {isa = PBXBuildFile; fileRef = 855B9896247AB7B500E86DD4 /* SceneDelegate.swift */; };
		855B9899247AB7B500E86DD4 /* ViewController.swift in Sources */ = {isa = PBXBuildFile; fileRef = 855B9898247AB7B500E86DD4 /* ViewController.swift */; };
		855B989C247AB7B500E86DD4 /* Main.storyboard in Resources */ = {isa = PBXBuildFile; fileRef = 855B989A247AB7B500E86DD4 /* Main.storyboard */; };
		855B989E247AB7B700E86DD4 /* Assets.xcassets in Resources */ = {isa = PBXBuildFile; fileRef = 855B989D247AB7B700E86DD4 /* Assets.xcassets */; };
		855B98A1247AB7B700E86DD4 /* LaunchScreen.storyboard in Resources */ = {isa = PBXBuildFile; fileRef = 855B989F247AB7B700E86DD4 /* LaunchScreen.storyboard */; };
		855B98A9247ABDB800E86DD4 /* BaseLabel.swift in Sources */ = {isa = PBXBuildFile; fileRef = 855B98A8247ABDB800E86DD4 /* BaseLabel.swift */; };
/* End PBXBuildFile section */

/* Begin PBXFileReference section */
		855B9891247AB7B500E86DD4 /* FontTest.app */ = {isa = PBXFileReference; explicitFileType = wrapper.application; includeInIndex = 0; path = FontTest.app; sourceTree = BUILT_PRODUCTS_DIR; };
		855B9894247AB7B500E86DD4 /* AppDelegate.swift */ = {isa = PBXFileReference; lastKnownFileType = sourcecode.swift; path = AppDelegate.swift; sourceTree = "<group>"; };
		855B9896247AB7B500E86DD4 /* SceneDelegate.swift */ = {isa = PBXFileReference; lastKnownFileType = sourcecode.swift; path = SceneDelegate.swift; sourceTree = "<group>"; };
		855B9898247AB7B500E86DD4 /* ViewController.swift */ = {isa = PBXFileReference; lastKnownFileType = sourcecode.swift; path = ViewController.swift; sourceTree = "<group>"; };
		855B989B247AB7B500E86DD4 /* Base */ = {isa = PBXFileReference; lastKnownFileType = file.storyboard; name = Base; path = Base.lproj/Main.storyboard; sourceTree = "<group>"; };
		855B989D247AB7B700E86DD4 /* Assets.xcassets */ = {isa = PBXFileReference; lastKnownFileType = folder.assetcatalog; path = Assets.xcassets; sourceTree = "<group>"; };
		855B98A0247AB7B700E86DD4 /* Base */ = {isa = PBXFileReference; lastKnownFileType = file.storyboard; name = Base; path = Base.lproj/LaunchScreen.storyboard; sourceTree = "<group>"; };
		855B98A2247AB7B700E86DD4 /* Info.plist */ = {isa = PBXFileReference; lastKnownFileType = text.plist.xml; path = Info.plist; sourceTree = "<group>"; };
		855B98A8247ABDB800E86DD4 /* BaseLabel.swift */ = {isa = PBXFileReference; lastKnownFileType = sourcecode.swift; path = BaseLabel.swift; sourceTree = "<group>"; };
/* End PBXFileReference section */

/* Begin PBXFrameworksBuildPhase section */
		855B988E247AB7B500E86DD4 /* Frameworks */ = {
			isa = PBXFrameworksBuildPhase;
			buildActionMask = 2147483647;
			files = (
			);
			runOnlyForDeploymentPostprocessing = 0;
		};
/* End PBXFrameworksBuildPhase section */

/* Begin PBXGroup section */
		855B9888247AB7B500E86DD4 = {
			isa = PBXGroup;
			children = (
				855B9893247AB7B500E86DD4 /* FontTest */,
				855B9892247AB7B500E86DD4 /* Products */,
			);
			sourceTree = "<group>";
		};
		855B9892247AB7B500E86DD4 /* Products */ = {
			isa = PBXGroup;
			children = (
				855B9891247AB7B500E86DD4 /* FontTest.app */,
			);
			name = Products;
			sourceTree = "<group>";
		};
		855B9893247AB7B500E86DD4 /* FontTest */ = {
			isa = PBXGroup;
			children = (
				855B9894247AB7B500E86DD4 /* AppDelegate.swift */,
				855B9896247AB7B500E86DD4 /* SceneDelegate.swift */,
				855B9898247AB7B500E86DD4 /* ViewController.swift */,
				855B989A247AB7B500E86DD4 /* Main.storyboard */,
				855B989D247AB7B700E86DD4 /* Assets.xcassets */,
				855B989F247AB7B700E86DD4 /* LaunchScreen.storyboard */,
				855B98A2247AB7B700E86DD4 /* Info.plist */,
				855B98A8247ABDB800E86DD4 /* BaseLabel.swift */,
			);
			path = FontTest;
			sourceTree = "<group>";
		};
/* End PBXGroup section */

/* Begin PBXNativeTarget section */
		855B9890247AB7B500E86DD4 /* FontTest */ = {
			isa = PBXNativeTarget;
			buildConfigurationList = 855B98A5247AB7B700E86DD4 /* Build configuration list for PBXNativeTarget "FontTest" */;
			buildPhases = (
				855B988D247AB7B500E86DD4 /* Sources */,
				855B988E247AB7B500E86DD4 /* Frameworks */,
				855B988F247AB7B500E86DD4 /* Resources */,
			);
			buildRules = (
			);
			dependencies = (
			);
			name = FontTest;
			productName = FontTest;
			productReference = 855B9891247AB7B500E86DD4 /* FontTest.app */;
			productType = "com.apple.product-type.application";
		};
/* End PBXNativeTarget section */

/* Begin PBXProject section */
		855B9889247AB7B500E86DD4 /* Project object */ = {
			isa = PBXProject;
			attributes = {
				LastSwiftUpdateCheck = 1150;
				LastUpgradeCheck = 1150;
				ORGANIZATIONNAME = zanyzephyr;
				TargetAttributes = {
					855B9890247AB7B500E86DD4 = {
						CreatedOnToolsVersion = 11.5;
					};
				};
			};
			buildConfigurationList = 855B988C247AB7B500E86DD4 /* Build configuration list for PBXProject "FontTest" */;
			compatibilityVersion = "Xcode 9.3";
			developmentRegion = en;
			hasScannedForEncodings = 0;
			knownRegions = (
				en,
				Base,
			);
			mainGroup = 855B9888247AB7B500E86DD4;
			productRefGroup = 855B9892247AB7B500E86DD4 /* Products */;
			projectDirPath = "";
			projectRoot = "";
			targets = (
				855B9890247AB7B500E86DD4 /* FontTest */,
			);
		};
/* End PBXProject section */

/* Begin PBXResourcesBuildPhase section */
		855B988F247AB7B500E86DD4 /* Resources */ = {
			isa = PBXResourcesBuildPhase;
			buildActionMask = 2147483647;
			files = (
				855B98A1247AB7B700E86DD4 /* LaunchScreen.storyboard in Resources */,
				855B989E247AB7B700E86DD4 /* Assets.xcassets in Resources */,
				855B989C247AB7B500E86DD4 /* Main.storyboard in Resources */,
			);
			runOnlyForDeploymentPostprocessing = 0;
		};
/* End PBXResourcesBuildPhase section */

/* Begin PBXSourcesBuildPhase section */
		855B988D247AB7B500E86DD4 /* Sources */ = {
			isa = PBXSourcesBuildPhase;
			buildActionMask = 2147483647;
			files = (
				855B9899247AB7B500E86DD4 /* ViewController.swift in Sources */,
				855B98A9247ABDB800E86DD4 /* BaseLabel.swift in Sources */,
				855B9895247AB7B500E86DD4 /* AppDelegate.swift in Sources */,
				855B9897247AB7B500E86DD4 /* SceneDelegate.swift in Sources */,
			);
			runOnlyForDeploymentPostprocessing = 0;
		};
/* End PBXSourcesBuildPhase section */

/* Begin PBXVariantGroup section */
		855B989A247AB7B500E86DD4 /* Main.storyboard */ = {
			isa = PBXVariantGroup;
			children = (
				855B989B247AB7B500E86DD4 /* Base */,
			);
			name = Main.storyboard;
			sourceTree = "<group>";
		};
		855B989F247AB7B700E86DD4 /* LaunchScreen.storyboard */ = {
			isa = PBXVariantGroup;
			children = (
				855B98A0247AB7B700E86DD4 /* Base */,
			);
			name = LaunchScreen.storyboard;
			sourceTree = "<group>";
		};
/* End PBXVariantGroup section */

/* Begin XCBuildConfiguration section */
		855B98A3247AB7B700E86DD4 /* Debug */ = {
			isa = XCBuildConfiguration;
			buildSettings = {
				ALWAYS_SEARCH_USER_PATHS = NO;
				CLANG_ANALYZER_NONNULL = YES;
				CLANG_ANALYZER_NUMBER_OBJECT_CONVERSION = YES_AGGRESSIVE;
				CLANG_CXX_LANGUAGE_STANDARD = "gnu++14";
				CLANG_CXX_LIBRARY = "libc++";
				CLANG_ENABLE_MODULES = YES;
				CLANG_ENABLE_OBJC_ARC = YES;
				CLANG_ENABLE_OBJC_WEAK = YES;
				CLANG_WARN_BLOCK_CAPTURE_AUTORELEASING = YES;
				CLANG_WARN_BOOL_CONVERSION = YES;
				CLANG_WARN_COMMA = YES;
				CLANG_WARN_CONSTANT_CONVERSION = YES;
				CLANG_WARN_DEPRECATED_OBJC_IMPLEMENTATIONS = YES;
				CLANG_WARN_DIRECT_OBJC_ISA_USAGE = YES_ERROR;
				CLANG_WARN_DOCUMENTATION_COMMENTS = YES;
				CLANG_WARN_EMPTY_BODY = YES;
				CLANG_WARN_ENUM_CONVERSION = YES;
				CLANG_WARN_INFINITE_RECURSION = YES;
				CLANG_WARN_INT_CONVERSION = YES;
				CLANG_WARN_NON_LITERAL_NULL_CONVERSION = YES;
				CLANG_WARN_OBJC_IMPLICIT_RETAIN_SELF = YES;
				CLANG_WARN_OBJC_LITERAL_CONVERSION = YES;
				CLANG_WARN_OBJC_ROOT_CLASS = YES_ERROR;
				CLANG_WARN_RANGE_LOOP_ANALYSIS = YES;
				CLANG_WARN_STRICT_PROTOTYPES = YES;
				CLANG_WARN_SUSPICIOUS_MOVE = YES;
				CLANG_WARN_UNGUARDED_AVAILABILITY = YES_AGGRESSIVE;
				CLANG_WARN_UNREACHABLE_CODE = YES;
				CLANG_WARN__DUPLICATE_METHOD_MATCH = YES;
				COPY_PHASE_STRIP = NO;
				DEBUG_INFORMATION_FORMAT = dwarf;
				ENABLE_STRICT_OBJC_MSGSEND = YES;
				ENABLE_TESTABILITY = YES;
				GCC_C_LANGUAGE_STANDARD = gnu11;
				GCC_DYNAMIC_NO_PIC = NO;
				GCC_NO_COMMON_BLOCKS = YES;
				GCC_OPTIMIZATION_LEVEL = 0;
				GCC_PREPROCESSOR_DEFINITIONS = (
					"DEBUG=1",
					"$(inherited)",
				);
				GCC_WARN_64_TO_32_BIT_CONVERSION = YES;
				GCC_WARN_ABOUT_RETURN_TYPE = YES_ERROR;
				GCC_WARN_UNDECLARED_SELECTOR = YES;
				GCC_WARN_UNINITIALIZED_AUTOS = YES_AGGRESSIVE;
				GCC_WARN_UNUSED_FUNCTION = YES;
				GCC_WARN_UNUSED_VARIABLE = YES;
				IPHONEOS_DEPLOYMENT_TARGET = 13.5;
				MTL_ENABLE_DEBUG_INFO = INCLUDE_SOURCE;
				MTL_FAST_MATH = YES;
				ONLY_ACTIVE_ARCH = YES;
				SDKROOT = iphoneos;
				SWIFT_ACTIVE_COMPILATION_CONDITIONS = DEBUG;
				SWIFT_OPTIMIZATION_LEVEL = "-Onone";
			};
			name = Debug;
		};
		855B98A4247AB7B700E86DD4 /* Release */ = {
			isa = XCBuildConfiguration;
			buildSettings = {
				ALWAYS_SEARCH_USER_PATHS = NO;
				CLANG_ANALYZER_NONNULL = YES;
				CLANG_ANALYZER_NUMBER_OBJECT_CONVERSION = YES_AGGRESSIVE;
				CLANG_CXX_LANGUAGE_STANDARD = "gnu++14";
				CLANG_CXX_LIBRARY = "libc++";
				CLANG_ENABLE_MODULES = YES;
				CLANG_ENABLE_OBJC_ARC = YES;
				CLANG_ENABLE_OBJC_WEAK = YES;
				CLANG_WARN_BLOCK_CAPTURE_AUTORELEASING = YES;
				CLANG_WARN_BOOL_CONVERSION = YES;
				CLANG_WARN_COMMA = YES;
				CLANG_WARN_CONSTANT_CONVERSION = YES;
				CLANG_WARN_DEPRECATED_OBJC_IMPLEMENTATIONS = YES;
				CLANG_WARN_DIRECT_OBJC_ISA_USAGE = YES_ERROR;
				CLANG_WARN_DOCUMENTATION_COMMENTS = YES;
				CLANG_WARN_EMPTY_BODY = YES;
				CLANG_WARN_ENUM_CONVERSION = YES;
				CLANG_WARN_INFINITE_RECURSION = YES;
				CLANG_WARN_INT_CONVERSION = YES;
				CLANG_WARN_NON_LITERAL_NULL_CONVERSION = YES;
				CLANG_WARN_OBJC_IMPLICIT_RETAIN_SELF = YES;
				CLANG_WARN_OBJC_LITERAL_CONVERSION = YES;
				CLANG_WARN_OBJC_ROOT_CLASS = YES_ERROR;
				CLANG_WARN_RANGE_LOOP_ANALYSIS = YES;
				CLANG_WARN_STRICT_PROTOTYPES = YES;
				CLANG_WARN_SUSPICIOUS_MOVE = YES;
				CLANG_WARN_UNGUARDED_AVAILABILITY = YES_AGGRESSIVE;
				CLANG_WARN_UNREACHABLE_CODE = YES;
				CLANG_WARN__DUPLICATE_METHOD_MATCH = YES;
				COPY_PHASE_STRIP = NO;
				DEBUG_INFORMATION_FORMAT = "dwarf-with-dsym";
				ENABLE_NS_ASSERTIONS = NO;
				ENABLE_STRICT_OBJC_MSGSEND = YES;
				GCC_C_LANGUAGE_STANDARD = gnu11;
				GCC_NO_COMMON_BLOCKS = YES;
				GCC_WARN_64_TO_32_BIT_CONVERSION = YES;
				GCC_WARN_ABOUT_RETURN_TYPE = YES_ERROR;
				GCC_WARN_UNDECLARED_SELECTOR = YES;
				GCC_WARN_UNINITIALIZED_AUTOS = YES_AGGRESSIVE;
				GCC_WARN_UNUSED_FUNCTION = YES;
				GCC_WARN_UNUSED_VARIABLE = YES;
				IPHONEOS_DEPLOYMENT_TARGET = 13.5;
				MTL_ENABLE_DEBUG_INFO = NO;
				MTL_FAST_MATH = YES;
				SDKROOT = iphoneos;
				SWIFT_COMPILATION_MODE = wholemodule;
				SWIFT_OPTIMIZATION_LEVEL = "-O";
				VALIDATE_PRODUCT = YES;
			};
			name = Release;
		};
		855B98A6247AB7B700E86DD4 /* Debug */ = {
			isa = XCBuildConfiguration;
			buildSettings = {
				ASSETCATALOG_COMPILER_APPICON_NAME = AppIcon;
				CODE_SIGN_STYLE = Automatic;
				DEVELOPMENT_TEAM = 8TWNALTCHM;
				INFOPLIST_FILE = FontTest/Info.plist;
				LD_RUNPATH_SEARCH_PATHS = (
					"$(inherited)",
					"@executable_path/Frameworks",
				);
				PRODUCT_BUNDLE_IDENTIFIER = com.zanyzephyr.FontTest;
				PRODUCT_NAME = "$(TARGET_NAME)";
				SWIFT_VERSION = 5.0;
				TARGETED_DEVICE_FAMILY = "1,2";
			};
			name = Debug;
		};
		855B98A7247AB7B700E86DD4 /* Release */ = {
			isa = XCBuildConfiguration;
			buildSettings = {
				ASSETCATALOG_COMPILER_APPICON_NAME = AppIcon;
				CODE_SIGN_STYLE = Automatic;
				DEVELOPMENT_TEAM = 2DN2BYVY4Q;
				INFOPLIST_FILE = FontTest/Info.plist;
				LD_RUNPATH_SEARCH_PATHS = (
					"$(inherited)",
					"@executable_path/Frameworks",
				);
				PRODUCT_BUNDLE_IDENTIFIER = com.zanyzephyr.FontTest;
				PRODUCT_NAME = "$(TARGET_NAME)";
				SWIFT_VERSION = 5.0;
				TARGETED_DEVICE_FAMILY = "1,2";
			};
			name = Release;
		};
/* End XCBuildConfiguration section */

/* Begin XCConfigurationList section */
		855B988C247AB7B500E86DD4 /* Build configuration list for PBXProject "FontTest" */ = {
			isa = XCConfigurationList;
			buildConfigurations = (
				855B98A3247AB7B700E86DD4 /* Debug */,
				855B98A4247AB7B700E86DD4 /* Release */,
			);
			defaultConfigurationIsVisible = 0;
			defaultConfigurationName = Release;
		};
		855B98A5247AB7B700E86DD4 /* Build configuration list for PBXNativeTarget "FontTest" */ = {
			isa = XCConfigurationList;
			buildConfigurations = (
				855B98A6247AB7B700E86DD4 /* Debug */,
				855B98A7247AB7B700E86DD4 /* Release */,
			);
			defaultConfigurationIsVisible = 0;
			defaultConfigurationName = Release;
		};
/* End XCConfigurationList section */
	};
	rootObject = 855B9889247AB7B500E86DD4 /* Project object */;
}
