// !$*UTF8*$!
{
	archiveVersion = 1;
	classes = {
	};
	objectVersion = 50;
	objects = {

/* Begin PBXBuildFile section */
		6C258D4C2609E74B004D38DE /* MyCollectionViewCell.swift in Sources */ = {isa = PBXBuildFile; fileRef = 6C258D4A2609E74B004D38DE /* MyCollectionViewCell.swift */; };
		6C258D4D2609E74B004D38DE /* MyCollectionViewCell.xib in Resources */ = {isa = PBXBuildFile; fileRef = 6C258D4B2609E74B004D38DE /* MyCollectionViewCell.xib */; };
		6C8FC262260ADF5900CC821C /* Model.swift in Sources */ = {isa = PBXBuildFile; fileRef = 6C8FC261260ADF5900CC821C /* Model.swift */; };
		6CCF53D52609CFC80056C0B2 /* AppDelegate.swift in Sources */ = {isa = PBXBuildFile; fileRef = 6CCF53D42609CFC80056C0B2 /* AppDelegate.swift */; };
		6CCF53D72609CFC80056C0B2 /* SceneDelegate.swift in Sources */ = {isa = PBXBuildFile; fileRef = 6CCF53D62609CFC80056C0B2 /* SceneDelegate.swift */; };
		6CCF53D92609CFC80056C0B2 /* ViewController.swift in Sources */ = {isa = PBXBuildFile; fileRef = 6CCF53D82609CFC80056C0B2 /* ViewController.swift */; };
		6CCF53DC2609CFC80056C0B2 /* Main.storyboard in Resources */ = {isa = PBXBuildFile; fileRef = 6CCF53DA2609CFC80056C0B2 /* Main.storyboard */; };
		6CCF53DE2609CFCC0056C0B2 /* Assets.xcassets in Resources */ = {isa = PBXBuildFile; fileRef = 6CCF53DD2609CFCC0056C0B2 /* Assets.xcassets */; };
		6CCF53E12609CFCC0056C0B2 /* LaunchScreen.storyboard in Resources */ = {isa = PBXBuildFile; fileRef = 6CCF53DF2609CFCC0056C0B2 /* LaunchScreen.storyboard */; };
/* End PBXBuildFile section */

/* Begin PBXFileReference section */
		6C258D4A2609E74B004D38DE /* MyCollectionViewCell.swift */ = {isa = PBXFileReference; lastKnownFileType = sourcecode.swift; path = MyCollectionViewCell.swift; sourceTree = "<group>"; };
		6C258D4B2609E74B004D38DE /* MyCollectionViewCell.xib */ = {isa = PBXFileReference; lastKnownFileType = file.xib; path = MyCollectionViewCell.xib; sourceTree = "<group>"; };
		6C8FC261260ADF5900CC821C /* Model.swift */ = {isa = PBXFileReference; lastKnownFileType = sourcecode.swift; path = Model.swift; sourceTree = "<group>"; };
		6CCF53D12609CFC80056C0B2 /* UICollectionViewCell Auto Layout.app */ = {isa = PBXFileReference; explicitFileType = wrapper.application; includeInIndex = 0; path = "UICollectionViewCell Auto Layout.app"; sourceTree = BUILT_PRODUCTS_DIR; };
		6CCF53D42609CFC80056C0B2 /* AppDelegate.swift */ = {isa = PBXFileReference; lastKnownFileType = sourcecode.swift; path = AppDelegate.swift; sourceTree = "<group>"; };
		6CCF53D62609CFC80056C0B2 /* SceneDelegate.swift */ = {isa = PBXFileReference; lastKnownFileType = sourcecode.swift; path = SceneDelegate.swift; sourceTree = "<group>"; };
		6CCF53D82609CFC80056C0B2 /* ViewController.swift */ = {isa = PBXFileReference; lastKnownFileType = sourcecode.swift; path = ViewController.swift; sourceTree = "<group>"; };
		6CCF53DB2609CFC80056C0B2 /* Base */ = {isa = PBXFileReference; lastKnownFileType = file.storyboard; name = Base; path = Base.lproj/Main.storyboard; sourceTree = "<group>"; };
		6CCF53DD2609CFCC0056C0B2 /* Assets.xcassets */ = {isa = PBXFileReference; lastKnownFileType = folder.assetcatalog; path = Assets.xcassets; sourceTree = "<group>"; };
		6CCF53E02609CFCC0056C0B2 /* Base */ = {isa = PBXFileReference; lastKnownFileType = file.storyboard; name = Base; path = Base.lproj/LaunchScreen.storyboard; sourceTree = "<group>"; };
		6CCF53E22609CFCC0056C0B2 /* Info.plist */ = {isa = PBXFileReference; lastKnownFileType = text.plist.xml; path = Info.plist; sourceTree = "<group>"; };
/* End PBXFileReference section */

/* Begin PBXFrameworksBuildPhase section */
		6CCF53CE2609CFC80056C0B2 /* Frameworks */ = {
			isa = PBXFrameworksBuildPhase;
			buildActionMask = 2147483647;
			files = (
			);
			runOnlyForDeploymentPostprocessing = 0;
		};
/* End PBXFrameworksBuildPhase section */

/* Begin PBXGroup section */
		6C258D482609E72D004D38DE /* Cell */ = {
			isa = PBXGroup;
			children = (
				6C258D4A2609E74B004D38DE /* MyCollectionViewCell.swift */,
				6C258D4B2609E74B004D38DE /* MyCollectionViewCell.xib */,
			);
			path = Cell;
			sourceTree = "<group>";
		};
		6CCF53C82609CFC80056C0B2 = {
			isa = PBXGroup;
			children = (
				6CCF53D32609CFC80056C0B2 /* UICollectionViewCell Auto Layout */,
				6CCF53D22609CFC80056C0B2 /* Products */,
			);
			sourceTree = "<group>";
		};
		6CCF53D22609CFC80056C0B2 /* Products */ = {
			isa = PBXGroup;
			children = (
				6CCF53D12609CFC80056C0B2 /* UICollectionViewCell Auto Layout.app */,
			);
			name = Products;
			sourceTree = "<group>";
		};
		6CCF53D32609CFC80056C0B2 /* UICollectionViewCell Auto Layout */ = {
			isa = PBXGroup;
			children = (
				6CCF53D42609CFC80056C0B2 /* AppDelegate.swift */,
				6CCF53D62609CFC80056C0B2 /* SceneDelegate.swift */,
				6CCF53E92609D18D0056C0B2 /* My Files */,
				6CCF53DA2609CFC80056C0B2 /* Main.storyboard */,
				6CCF53DD2609CFCC0056C0B2 /* Assets.xcassets */,
				6CCF53DF2609CFCC0056C0B2 /* LaunchScreen.storyboard */,
				6CCF53E22609CFCC0056C0B2 /* Info.plist */,
			);
			path = "UICollectionViewCell Auto Layout";
			sourceTree = "<group>";
		};
		6CCF53E92609D18D0056C0B2 /* My Files */ = {
			isa = PBXGroup;
			children = (
				6CCF53D82609CFC80056C0B2 /* ViewController.swift */,
				6C8FC261260ADF5900CC821C /* Model.swift */,
				6C258D482609E72D004D38DE /* Cell */,
			);
			path = "My Files";
			sourceTree = "<group>";
		};
/* End PBXGroup section */

/* Begin PBXNativeTarget section */
		6CCF53D02609CFC80056C0B2 /* UICollectionViewCell Auto Layout */ = {
			isa = PBXNativeTarget;
			buildConfigurationList = 6CCF53E52609CFCC0056C0B2 /* Build configuration list for PBXNativeTarget "UICollectionViewCell Auto Layout" */;
			buildPhases = (
				6CCF53CD2609CFC80056C0B2 /* Sources */,
				6CCF53CE2609CFC80056C0B2 /* Frameworks */,
				6CCF53CF2609CFC80056C0B2 /* Resources */,
			);
			buildRules = (
			);
			dependencies = (
			);
			name = "UICollectionViewCell Auto Layout";
			productName = "UICollectionViewCell Auto Layout";
			productReference = 6CCF53D12609CFC80056C0B2 /* UICollectionViewCell Auto Layout.app */;
			productType = "com.apple.product-type.application";
		};
/* End PBXNativeTarget section */

/* Begin PBXProject section */
		6CCF53C92609CFC80056C0B2 /* Project object */ = {
			isa = PBXProject;
			attributes = {
				LastSwiftUpdateCheck = 1240;
				LastUpgradeCheck = 1240;
				TargetAttributes = {
					6CCF53D02609CFC80056C0B2 = {
						CreatedOnToolsVersion = 12.4;
					};
				};
			};
			buildConfigurationList = 6CCF53CC2609CFC80056C0B2 /* Build configuration list for PBXProject "UICollectionViewCell Auto Layout" */;
			compatibilityVersion = "Xcode 9.3";
			developmentRegion = en;
			hasScannedForEncodings = 0;
			knownRegions = (
				en,
				Base,
			);
			mainGroup = 6CCF53C82609CFC80056C0B2;
			productRefGroup = 6CCF53D22609CFC80056C0B2 /* Products */;
			projectDirPath = "";
			projectRoot = "";
			targets = (
				6CCF53D02609CFC80056C0B2 /* UICollectionViewCell Auto Layout */,
			);
		};
/* End PBXProject section */

/* Begin PBXResourcesBuildPhase section */
		6CCF53CF2609CFC80056C0B2 /* Resources */ = {
			isa = PBXResourcesBuildPhase;
			buildActionMask = 2147483647;
			files = (
				6CCF53E12609CFCC0056C0B2 /* LaunchScreen.storyboard in Resources */,
				6CCF53DE2609CFCC0056C0B2 /* Assets.xcassets in Resources */,
				6C258D4D2609E74B004D38DE /* MyCollectionViewCell.xib in Resources */,
				6CCF53DC2609CFC80056C0B2 /* Main.storyboard in Resources */,
			);
			runOnlyForDeploymentPostprocessing = 0;
		};
/* End PBXResourcesBuildPhase section */

/* Begin PBXSourcesBuildPhase section */
		6CCF53CD2609CFC80056C0B2 /* Sources */ = {
			isa = PBXSourcesBuildPhase;
			buildActionMask = 2147483647;
			files = (
				6C8FC262260ADF5900CC821C /* Model.swift in Sources */,
				6CCF53D92609CFC80056C0B2 /* ViewController.swift in Sources */,
				6CCF53D52609CFC80056C0B2 /* AppDelegate.swift in Sources */,
				6C258D4C2609E74B004D38DE /* MyCollectionViewCell.swift in Sources */,
				6CCF53D72609CFC80056C0B2 /* SceneDelegate.swift in Sources */,
			);
			runOnlyForDeploymentPostprocessing = 0;
		};
/* End PBXSourcesBuildPhase section */

/* Begin PBXVariantGroup section */
		6CCF53DA2609CFC80056C0B2 /* Main.storyboard */ = {
			isa = PBXVariantGroup;
			children = (
				6CCF53DB2609CFC80056C0B2 /* Base */,
			);
			name = Main.storyboard;
			sourceTree = "<group>";
		};
		6CCF53DF2609CFCC0056C0B2 /* LaunchScreen.storyboard */ = {
			isa = PBXVariantGroup;
			children = (
				6CCF53E02609CFCC0056C0B2 /* Base */,
			);
			name = LaunchScreen.storyboard;
			sourceTree = "<group>";
		};
/* End PBXVariantGroup section */

/* Begin XCBuildConfiguration section */
		6CCF53E32609CFCC0056C0B2 /* Debug */ = {
			isa = XCBuildConfiguration;
			buildSettings = {
				ALWAYS_SEARCH_USER_PATHS = NO;
				CLANG_ANALYZER_NONNULL = YES;
				CLANG_ANALYZER_NUMBER_OBJECT_CONVERSION = YES_AGGRESSIVE;
				CLANG_CXX_LANGUAGE_STANDARD = "gnu++14";
				CLANG_CXX_LIBRARY = "libc++";
				CLANG_ENABLE_MODULES = YES;
				CLANG_ENABLE_OBJC_ARC = YES;
				CLANG_ENABLE_OBJC_WEAK = YES;
				CLANG_WARN_BLOCK_CAPTURE_AUTORELEASING = YES;
				CLANG_WARN_BOOL_CONVERSION = YES;
				CLANG_WARN_COMMA = YES;
				CLANG_WARN_CONSTANT_CONVERSION = YES;
				CLANG_WARN_DEPRECATED_OBJC_IMPLEMENTATIONS = YES;
				CLANG_WARN_DIRECT_OBJC_ISA_USAGE = YES_ERROR;
				CLANG_WARN_DOCUMENTATION_COMMENTS = YES;
				CLANG_WARN_EMPTY_BODY = YES;
				CLANG_WARN_ENUM_CONVERSION = YES;
				CLANG_WARN_INFINITE_RECURSION = YES;
				CLANG_WARN_INT_CONVERSION = YES;
				CLANG_WARN_NON_LITERAL_NULL_CONVERSION = YES;
				CLANG_WARN_OBJC_IMPLICIT_RETAIN_SELF = YES;
				CLANG_WARN_OBJC_LITERAL_CONVERSION = YES;
				CLANG_WARN_OBJC_ROOT_CLASS = YES_ERROR;
				CLANG_WARN_QUOTED_INCLUDE_IN_FRAMEWORK_HEADER = YES;
				CLANG_WARN_RANGE_LOOP_ANALYSIS = YES;
				CLANG_WARN_STRICT_PROTOTYPES = YES;
				CLANG_WARN_SUSPICIOUS_MOVE = YES;
				CLANG_WARN_UNGUARDED_AVAILABILITY = YES_AGGRESSIVE;
				CLANG_WARN_UNREACHABLE_CODE = YES;
				CLANG_WARN__DUPLICATE_METHOD_MATCH = YES;
				COPY_PHASE_STRIP = NO;
				DEBUG_INFORMATION_FORMAT = dwarf;
				ENABLE_STRICT_OBJC_MSGSEND = YES;
				ENABLE_TESTABILITY = YES;
				GCC_C_LANGUAGE_STANDARD = gnu11;
				GCC_DYNAMIC_NO_PIC = NO;
				GCC_NO_COMMON_BLOCKS = YES;
				GCC_OPTIMIZATION_LEVEL = 0;
				GCC_PREPROCESSOR_DEFINITIONS = (
					"DEBUG=1",
					"$(inherited)",
				);
				GCC_WARN_64_TO_32_BIT_CONVERSION = YES;
				GCC_WARN_ABOUT_RETURN_TYPE = YES_ERROR;
				GCC_WARN_UNDECLARED_SELECTOR = YES;
				GCC_WARN_UNINITIALIZED_AUTOS = YES_AGGRESSIVE;
				GCC_WARN_UNUSED_FUNCTION = YES;
				GCC_WARN_UNUSED_VARIABLE = YES;
				IPHONEOS_DEPLOYMENT_TARGET = 14.4;
				MTL_ENABLE_DEBUG_INFO = INCLUDE_SOURCE;
				MTL_FAST_MATH = YES;
				ONLY_ACTIVE_ARCH = YES;
				SDKROOT = iphoneos;
				SWIFT_ACTIVE_COMPILATION_CONDITIONS = DEBUG;
				SWIFT_OPTIMIZATION_LEVEL = "-Onone";
			};
			name = Debug;
		};
		6CCF53E42609CFCC0056C0B2 /* Release */ = {
			isa = XCBuildConfiguration;
			buildSettings = {
				ALWAYS_SEARCH_USER_PATHS = NO;
				CLANG_ANALYZER_NONNULL = YES;
				CLANG_ANALYZER_NUMBER_OBJECT_CONVERSION = YES_AGGRESSIVE;
				CLANG_CXX_LANGUAGE_STANDARD = "gnu++14";
				CLANG_CXX_LIBRARY = "libc++";
				CLANG_ENABLE_MODULES = YES;
				CLANG_ENABLE_OBJC_ARC = YES;
				CLANG_ENABLE_OBJC_WEAK = YES;
				CLANG_WARN_BLOCK_CAPTURE_AUTORELEASING = YES;
				CLANG_WARN_BOOL_CONVERSION = YES;
				CLANG_WARN_COMMA = YES;
				CLANG_WARN_CONSTANT_CONVERSION = YES;
				CLANG_WARN_DEPRECATED_OBJC_IMPLEMENTATIONS = YES;
				CLANG_WARN_DIRECT_OBJC_ISA_USAGE = YES_ERROR;
				CLANG_WARN_DOCUMENTATION_COMMENTS = YES;
				CLANG_WARN_EMPTY_BODY = YES;
				CLANG_WARN_ENUM_CONVERSION = YES;
				CLANG_WARN_INFINITE_RECURSION = YES;
				CLANG_WARN_INT_CONVERSION = YES;
				CLANG_WARN_NON_LITERAL_NULL_CONVERSION = YES;
				CLANG_WARN_OBJC_IMPLICIT_RETAIN_SELF = YES;
				CLANG_WARN_OBJC_LITERAL_CONVERSION = YES;
				CLANG_WARN_OBJC_ROOT_CLASS = YES_ERROR;
				CLANG_WARN_QUOTED_INCLUDE_IN_FRAMEWORK_HEADER = YES;
				CLANG_WARN_RANGE_LOOP_ANALYSIS = YES;
				CLANG_WARN_STRICT_PROTOTYPES = YES;
				CLANG_WARN_SUSPICIOUS_MOVE = YES;
				CLANG_WARN_UNGUARDED_AVAILABILITY = YES_AGGRESSIVE;
				CLANG_WARN_UNREACHABLE_CODE = YES;
				CLANG_WARN__DUPLICATE_METHOD_MATCH = YES;
				COPY_PHASE_STRIP = NO;
				DEBUG_INFORMATION_FORMAT = "dwarf-with-dsym";
				ENABLE_NS_ASSERTIONS = NO;
				ENABLE_STRICT_OBJC_MSGSEND = YES;
				GCC_C_LANGUAGE_STANDARD = gnu11;
				GCC_NO_COMMON_BLOCKS = YES;
				GCC_WARN_64_TO_32_BIT_CONVERSION = YES;
				GCC_WARN_ABOUT_RETURN_TYPE = YES_ERROR;
				GCC_WARN_UNDECLARED_SELECTOR = YES;
				GCC_WARN_UNINITIALIZED_AUTOS = YES_AGGRESSIVE;
				GCC_WARN_UNUSED_FUNCTION = YES;
				GCC_WARN_UNUSED_VARIABLE = YES;
				IPHONEOS_DEPLOYMENT_TARGET = 14.4;
				MTL_ENABLE_DEBUG_INFO = NO;
				MTL_FAST_MATH = YES;
				SDKROOT = iphoneos;
				SWIFT_COMPILATION_MODE = wholemodule;
				SWIFT_OPTIMIZATION_LEVEL = "-O";
				VALIDATE_PRODUCT = YES;
			};
			name = Release;
		};
		6CCF53E62609CFCC0056C0B2 /* Debug */ = {
			isa = XCBuildConfiguration;
			buildSettings = {
				ASSETCATALOG_COMPILER_APPICON_NAME = AppIcon;
				ASSETCATALOG_COMPILER_GLOBAL_ACCENT_COLOR_NAME = AccentColor;
				CODE_SIGN_STYLE = Automatic;
				DEVELOPMENT_TEAM = LDZ2AM8G44;
				INFOPLIST_FILE = "UICollectionViewCell Auto Layout/Info.plist";
				LD_RUNPATH_SEARCH_PATHS = (
					"$(inherited)",
					"@executable_path/Frameworks",
				);
				PRODUCT_BUNDLE_IDENTIFIER = "com.xihe.UICollectionViewCell-Auto-Layout";
				PRODUCT_NAME = "$(TARGET_NAME)";
				SWIFT_VERSION = 5.0;
				TARGETED_DEVICE_FAMILY = "1,2";
			};
			name = Debug;
		};
		6CCF53E72609CFCC0056C0B2 /* Release */ = {
			isa = XCBuildConfiguration;
			buildSettings = {
				ASSETCATALOG_COMPILER_APPICON_NAME = AppIcon;
				ASSETCATALOG_COMPILER_GLOBAL_ACCENT_COLOR_NAME = AccentColor;
				CODE_SIGN_STYLE = Automatic;
				DEVELOPMENT_TEAM = LDZ2AM8G44;
				INFOPLIST_FILE = "UICollectionViewCell Auto Layout/Info.plist";
				LD_RUNPATH_SEARCH_PATHS = (
					"$(inherited)",
					"@executable_path/Frameworks",
				);
				PRODUCT_BUNDLE_IDENTIFIER = "com.xihe.UICollectionViewCell-Auto-Layout";
				PRODUCT_NAME = "$(TARGET_NAME)";
				SWIFT_VERSION = 5.0;
				TARGETED_DEVICE_FAMILY = "1,2";
			};
			name = Release;
		};
/* End XCBuildConfiguration section */

/* Begin XCConfigurationList section */
		6CCF53CC2609CFC80056C0B2 /* Build configuration list for PBXProject "UICollectionViewCell Auto Layout" */ = {
			isa = XCConfigurationList;
			buildConfigurations = (
				6CCF53E32609CFCC0056C0B2 /* Debug */,
				6CCF53E42609CFCC0056C0B2 /* Release */,
			);
			defaultConfigurationIsVisible = 0;
			defaultConfigurationName = Release;
		};
		6CCF53E52609CFCC0056C0B2 /* Build configuration list for PBXNativeTarget "UICollectionViewCell Auto Layout" */ = {
			isa = XCConfigurationList;
			buildConfigurations = (
				6CCF53E62609CFCC0056C0B2 /* Debug */,
				6CCF53E72609CFCC0056C0B2 /* Release */,
			);
			defaultConfigurationIsVisible = 0;
			defaultConfigurationName = Release;
		};
/* End XCConfigurationList section */
	};
	rootObject = 6CCF53C92609CFC80056C0B2 /* Project object */;
}
